// !$*UTF8*$!
{
	archiveVersion = 1;
	classes = {
	};
	objectVersion = 46;
	objects = {

/* Begin PBXAggregateTarget section */
		C0F4CF52EC534458248A6985 /* ADHD - All */ = {
			isa = PBXAggregateTarget;
			buildConfigurationList = 82FE522488424E3438F5C531;
			buildPhases = (
			);
			dependencies = (
				C0B89D2A1ED83842203A1F9C,
				85DABCB0F05B0BBE397CC132,
				CB96E1D7FABF365A63E63CB9,
				B70921C3C3C7FEC9F6789341,
			);
			name = "ADHD - All";
			productName = ADHD;
		};
/* End PBXAggregateTarget section */

/* Begin PBXBuildFile section */
		0EDED0EE2B2F8474C5BE4317 /* include_juce_audio_devices.mm */ = {isa = PBXBuildFile; fileRef = 71460744429EB6B14155F7E2; };
		1667238DEBB39494B802B516 /* ChannelComponent.cpp */ = {isa = PBXBuildFile; fileRef = 581B88761E13B4059DB8D2F5; };
		2857498C047D8B9C6106C51B /* PlasLookAndFeel.cpp */ = {isa = PBXBuildFile; fileRef = F72F7919E8CA53F1B53D7B03; };
		287AA1558F0425DD9816CDB6 /* include_juce_audio_plugin_client_VST3.cpp */ = {isa = PBXBuildFile; fileRef = 09896FC5B60492DAC053025A; };
		2C82E12F97F9E11857D1FB66 /* CoreMIDI.framework */ = {isa = PBXBuildFile; fileRef = 049B1D0B93EAA2F2F6FAFD84; };
		2CF6C7631A1ACD09C3F1281D /* include_juce_audio_formats.mm */ = {isa = PBXBuildFile; fileRef = FEFE13839921E6EF3A1FB0E8; };
		2D44B168A084CA284F6DBEEC /* PluginEditor.cpp */ = {isa = PBXBuildFile; fileRef = B19F8B38A5D3B9A07A5188E5; };
		50E30F22235F2D74E7B972BA /* include_juce_audio_utils.mm */ = {isa = PBXBuildFile; fileRef = 291C89353EEAD922DBBB005C; };
		51626E6D2958295868738CDF /* CoreAudioKit.framework */ = {isa = PBXBuildFile; fileRef = 44ADDB4D0D34A8E53E4C718D; };
		531A6802580899A955A3A05F /* CoreAudio.framework */ = {isa = PBXBuildFile; fileRef = 354230F578DD60527AD33030; };
		544F9B5B6ECADC209C0500E7 /* VST3 */ = {isa = PBXBuildFile; fileRef = 2BAFECB75ADAA1061E5D934D; };
		5E8487D523416A5ABFA7259C /* BinaryData6.cpp */ = {isa = PBXBuildFile; fileRef = DB5908CD332DC2050EFED42D; };
		66657A7EA1E5728FD9A97688 /* WebKit.framework */ = {isa = PBXBuildFile; fileRef = 7F998D1D0A8E3A85C88495BA; };
		6CC972CB2A2E6261E92411EA /* include_juce_gui_extra.mm */ = {isa = PBXBuildFile; fileRef = BF4573D77EA5D0B16BABE42E; };
		70F30FBFB17E5875E71355CB /* BinaryData.cpp */ = {isa = PBXBuildFile; fileRef = 1AB179AE55153EEF1D2DCDE9; };
		7D9F7E67ADB12D1197600620 /* Carbon.framework */ = {isa = PBXBuildFile; fileRef = 70A377BE9D0B4D4CEC2CD985; };
		85D192050FACF7EE662C386D /* PluginProcessor.cpp */ = {isa = PBXBuildFile; fileRef = 86B4A08633B1D338CAE38603; };
		88A723C8DD2108B25A37022A /* include_juce_audio_plugin_client_AU.r */ = {isa = PBXBuildFile; fileRef = 968B7063507668CB46A7C9F7; };
		9197AF21B899D4758EF58B68 /* AudioUnit.framework */ = {isa = PBXBuildFile; fileRef = 86A6EBF721DA99EDBAD92354; };
		93E65C37F20E9C6C90FDFBC8 /* PLASLevelMeter.cpp */ = {isa = PBXBuildFile; fileRef = 4F1034A248131270CA83F2EC; };
		93F3BD4536D2DB04AB4678F4 /* Standalone Plugin */ = {isa = PBXBuildFile; fileRef = 6B085EA03B08C76B75A8829C; };
		9415A4F860A16E47BD8882BB /* include_juce_gui_basics.mm */ = {isa = PBXBuildFile; fileRef = 9FF01F5D4C9989F3FF801C59; };
		97D7EE39D8015D52BF382637 /* include_juce_audio_plugin_client_VST_utils.mm */ = {isa = PBXBuildFile; fileRef = FA3B51841681113BD4E66C64; };
		9AECADCB24F4487DEB5EFEB1 /* include_juce_events.mm */ = {isa = PBXBuildFile; fileRef = A43F7495C0F0067103B09DA6; };
		9C29B01B545073F1235CDECB /* AudioToolbox.framework */ = {isa = PBXBuildFile; fileRef = AFB3D2B59D2DE0B3EBF723AD; };
		A23AF211CDD7C3558AD3AE26 /* Accelerate.framework */ = {isa = PBXBuildFile; fileRef = 1EDEB0409AE6816CA90B6C8C; };
		A49D2D61D264CEAB09FB4FD6 /* BinaryData7.cpp */ = {isa = PBXBuildFile; fileRef = 31A55DDDD7AA764D1C6C34A7; };
		A6C80EA86DC12B858B3D2F1C /* DiscRecording.framework */ = {isa = PBXBuildFile; fileRef = D71F2EA6CC39DC65551AA835; };
		AA433FB397E041AE8A2B6BA4 /* QuartzCore.framework */ = {isa = PBXBuildFile; fileRef = 3D9FE6A84673E6154198FDF0; };
		B8F432D45C03D7E6C334E1FE /* AU */ = {isa = PBXBuildFile; fileRef = B01F90EC2BACC37C6E6AADF8; };
		BA7676F84937A96713940656 /* Cocoa.framework */ = {isa = PBXBuildFile; fileRef = 5E7387F27A918B821826A301; };
		BFF4DC6EA8EE674A767B1BD6 /* BinaryData2.cpp */ = {isa = PBXBuildFile; fileRef = D44FDB5DE6929A740B9C5B53; };
		C364E787E7F406C485785F32 /* BinaryData4.cpp */ = {isa = PBXBuildFile; fileRef = C3C1EA3F31B7FCACB10E89C7; };
		C8363C33DB615473FBCB25BC /* Shared Code */ = {isa = PBXBuildFile; fileRef = 53EE0CDCF5E07B5FB28D8B70; };
		CBDC39F4D6FA6B0B35707672 /* include_juce_audio_processors.mm */ = {isa = PBXBuildFile; fileRef = 75BE8A30A35EA17A16EE1C5E; };
		CCA54A3CE71991FDD2956D73 /* include_juce_data_structures.mm */ = {isa = PBXBuildFile; fileRef = 97E0DE7E2DAA571082A432DE; };
		D0F7DD22A432D41576B0AE6B /* include_juce_audio_plugin_client_utils.cpp */ = {isa = PBXBuildFile; fileRef = 37129A4BE02BE2E014976ADF; };
		D17C1B0C2DEB1687496E3598 /* IOKit.framework */ = {isa = PBXBuildFile; fileRef = 812B3AE7ABC01140FC8EA7F2; };
		D1F84491CF75FB972F9DCFAB /* include_juce_audio_plugin_client_AU_2.mm */ = {isa = PBXBuildFile; fileRef = 635EF28500BC5467EE783171; };
		D98A03F3B75DC18650368EBC /* include_juce_audio_plugin_client_Standalone.cpp */ = {isa = PBXBuildFile; fileRef = 0B4C02B01019E19311BE19F3; };
		DA7F4BAC4E5BA1720412081E /* RecentFilesMenuTemplate.nib */ = {isa = PBXBuildFile; fileRef = D7F54B20A1594E671BB3C38C; };
		DD0517F545A6F974016963C5 /* include_juce_dsp.mm */ = {isa = PBXBuildFile; fileRef = 9C8B3F84FDE8D7260AB7DF5F; };
		E6F1871211E9314C60925873 /* BinaryData5.cpp */ = {isa = PBXBuildFile; fileRef = CD3EEDDAE65E92FD7D0E2261; };
		EAA28149CEB9F4DAFCEA1786 /* include_juce_graphics.mm */ = {isa = PBXBuildFile; fileRef = 849E935A0A64475A2B4D4591; };
		EF9ADDB6F94899EEEAD57C3C /* Foundation.framework */ = {isa = PBXBuildFile; fileRef = 6F077666F9A55EE658E5BF5E; };
		F2B7C894890D8E23B66B231C /* include_juce_audio_basics.mm */ = {isa = PBXBuildFile; fileRef = 1940DFE5D0A7E96029615093; };
		F371C2107B45430FD4B40CB4 /* include_juce_audio_plugin_client_AU_1.mm */ = {isa = PBXBuildFile; fileRef = E8E2FCB5E64B2CD32C7A811F; };
		F60B645C0920158B53AC4A76 /* BinaryData3.cpp */ = {isa = PBXBuildFile; fileRef = C4F4F4A8AAAF92C42D3E0FBD; };
		FFDA74975BD0243AF26EF672 /* include_juce_core.mm */ = {isa = PBXBuildFile; fileRef = 3531FF9A680DF580508FB07D; };
/* End PBXBuildFile section */

/* Begin PBXFileReference section */
		0092090866275E1496E6E674 /* GUI definitivaBG Destroy.png */ /* GUI definitivaBG Destroy.png */ = {isa = PBXFileReference; lastKnownFileType = image.png; name = "GUI definitivaBG Destroy.png"; path = "../../Assets/GUI definitivaBG Destroy.png"; sourceTree = SOURCE_ROOT; };
		00E37672C21E0164DDCCDEC8 /* juce_core */ /* juce_core */ = {isa = PBXFileReference; lastKnownFileType = folder; name = juce_core; path = /Users/pos17/Downloads/JUCE/modules/juce_core; sourceTree = "<absolute>"; };
		049B1D0B93EAA2F2F6FAFD84 /* CoreMIDI.framework */ /* CoreMIDI.framework */ = {isa = PBXFileReference; lastKnownFileType = wrapper.framework; name = CoreMIDI.framework; path = System/Library/Frameworks/CoreMIDI.framework; sourceTree = SDKROOT; };
		04E26E86EA8FAFC31B486E02 /* Info-VST3.plist */ /* Info-VST3.plist */ = {isa = PBXFileReference; lastKnownFileType = text.plist.xml; name = "Info-VST3.plist"; path = "Info-VST3.plist"; sourceTree = SOURCE_ROOT; };
		09896FC5B60492DAC053025A /* include_juce_audio_plugin_client_VST3.cpp */ /* include_juce_audio_plugin_client_VST3.cpp */ = {isa = PBXFileReference; lastKnownFileType = sourcecode.cpp.cpp; name = include_juce_audio_plugin_client_VST3.cpp; path = ../../JuceLibraryCode/include_juce_audio_plugin_client_VST3.cpp; sourceTree = SOURCE_ROOT; };
		0B4C02B01019E19311BE19F3 /* include_juce_audio_plugin_client_Standalone.cpp */ /* include_juce_audio_plugin_client_Standalone.cpp */ = {isa = PBXFileReference; lastKnownFileType = sourcecode.cpp.cpp; name = include_juce_audio_plugin_client_Standalone.cpp; path = ../../JuceLibraryCode/include_juce_audio_plugin_client_Standalone.cpp; sourceTree = SOURCE_ROOT; };
		0CED4002FCBB374C1F496705 /* ON BP Button.png */ /* ON BP Button.png */ = {isa = PBXFileReference; lastKnownFileType = image.png; name = "ON BP Button.png"; path = "../../Assets/ON BP Button.png"; sourceTree = SOURCE_ROOT; };
		0DF1169A9B270469E27B664F /* dButtonOn.png */ /* dButtonOn.png */ = {isa = PBXFileReference; lastKnownFileType = image.png; name = dButtonOn.png; path = ../../Assets/dButtonOn.png; sourceTree = SOURCE_ROOT; };
		115CAC2F8FC92124BDFCE25F /* juce_gui_extra */ /* juce_gui_extra */ = {isa = PBXFileReference; lastKnownFileType = folder; name = juce_gui_extra; path = /Users/pos17/Downloads/JUCE/modules/juce_gui_extra; sourceTree = "<absolute>"; };
		1778158515659EBBC491A6FD /* JuceHeader.h */ /* JuceHeader.h */ = {isa = PBXFileReference; lastKnownFileType = sourcecode.c.h; name = JuceHeader.h; path = ../../JuceLibraryCode/JuceHeader.h; sourceTree = SOURCE_ROOT; };
		18E28E1CF0BFC4CA52F11E66 /* juce_audio_devices */ /* juce_audio_devices */ = {isa = PBXFileReference; lastKnownFileType = folder; name = juce_audio_devices; path = /Users/pos17/Downloads/JUCE/modules/juce_audio_devices; sourceTree = "<absolute>"; };
		1940DFE5D0A7E96029615093 /* include_juce_audio_basics.mm */ /* include_juce_audio_basics.mm */ = {isa = PBXFileReference; lastKnownFileType = sourcecode.cpp.objcpp; name = include_juce_audio_basics.mm; path = ../../JuceLibraryCode/include_juce_audio_basics.mm; sourceTree = SOURCE_ROOT; };
		1AB179AE55153EEF1D2DCDE9 /* BinaryData.cpp */ /* BinaryData.cpp */ = {isa = PBXFileReference; lastKnownFileType = sourcecode.cpp.cpp; name = BinaryData.cpp; path = ../../JuceLibraryCode/BinaryData.cpp; sourceTree = SOURCE_ROOT; };
		1EDEB0409AE6816CA90B6C8C /* Accelerate.framework */ /* Accelerate.framework */ = {isa = PBXFileReference; lastKnownFileType = wrapper.framework; name = Accelerate.framework; path = System/Library/Frameworks/Accelerate.framework; sourceTree = SDKROOT; };
		2552C4A2A326D3E2A8248BE8 /* Info-AU.plist */ /* Info-AU.plist */ = {isa = PBXFileReference; lastKnownFileType = text.plist.xml; name = "Info-AU.plist"; path = "Info-AU.plist"; sourceTree = SOURCE_ROOT; };
		2645D46AF57D2F0751762635 /* bigKnobD.png */ /* bigKnobD.png */ = {isa = PBXFileReference; lastKnownFileType = image.png; name = bigKnobD.png; path = ../../Assets/bigKnobD.png; sourceTree = SOURCE_ROOT; };
		2717D705D4D979C64E01A87A /* MS labels.png */ /* MS labels.png */ = {isa = PBXFileReference; lastKnownFileType = image.png; name = "MS labels.png"; path = "../../Assets/MS labels.png"; sourceTree = SOURCE_ROOT; };
		291C89353EEAD922DBBB005C /* include_juce_audio_utils.mm */ /* include_juce_audio_utils.mm */ = {isa = PBXFileReference; lastKnownFileType = sourcecode.cpp.objcpp; name = include_juce_audio_utils.mm; path = ../../JuceLibraryCode/include_juce_audio_utils.mm; sourceTree = SOURCE_ROOT; };
		2BAFECB75ADAA1061E5D934D /* VST3 */ = {isa = PBXFileReference; explicitFileType = wrapper.cfbundle; includeInIndex = 0; path = ADHD.vst3; sourceTree = BUILT_PRODUCTS_DIR; };
		2C431B18BEAFF31E29763A63 /* Undestroy Button.png */ /* Undestroy Button.png */ = {isa = PBXFileReference; lastKnownFileType = image.png; name = "Undestroy Button.png"; path = "../../Assets/Undestroy Button.png"; sourceTree = SOURCE_ROOT; };
		31A55DDDD7AA764D1C6C34A7 /* BinaryData7.cpp */ /* BinaryData7.cpp */ = {isa = PBXFileReference; lastKnownFileType = sourcecode.cpp.cpp; name = BinaryData7.cpp; path = ../../JuceLibraryCode/BinaryData7.cpp; sourceTree = SOURCE_ROOT; };
		3531FF9A680DF580508FB07D /* include_juce_core.mm */ /* include_juce_core.mm */ = {isa = PBXFileReference; lastKnownFileType = sourcecode.cpp.objcpp; name = include_juce_core.mm; path = ../../JuceLibraryCode/include_juce_core.mm; sourceTree = SOURCE_ROOT; };
		354230F578DD60527AD33030 /* CoreAudio.framework */ /* CoreAudio.framework */ = {isa = PBXFileReference; lastKnownFileType = wrapper.framework; name = CoreAudio.framework; path = System/Library/Frameworks/CoreAudio.framework; sourceTree = SDKROOT; };
		35FDE22B36C0C03C8B98FD29 /* juce_audio_formats */ /* juce_audio_formats */ = {isa = PBXFileReference; lastKnownFileType = folder; name = juce_audio_formats; path = /Users/pos17/Downloads/JUCE/modules/juce_audio_formats; sourceTree = "<absolute>"; };
		37129A4BE02BE2E014976ADF /* include_juce_audio_plugin_client_utils.cpp */ /* include_juce_audio_plugin_client_utils.cpp */ = {isa = PBXFileReference; lastKnownFileType = sourcecode.cpp.cpp; name = include_juce_audio_plugin_client_utils.cpp; path = ../../JuceLibraryCode/include_juce_audio_plugin_client_utils.cpp; sourceTree = SOURCE_ROOT; };
		3D9FE6A84673E6154198FDF0 /* QuartzCore.framework */ /* QuartzCore.framework */ = {isa = PBXFileReference; lastKnownFileType = wrapper.framework; name = QuartzCore.framework; path = System/Library/Frameworks/QuartzCore.framework; sourceTree = SDKROOT; };
		43C28635DB3B02577DAA585E /* MS labels meters.png */ /* MS labels meters.png */ = {isa = PBXFileReference; lastKnownFileType = image.png; name = "MS labels meters.png"; path = "../../Assets/MS labels meters.png"; sourceTree = SOURCE_ROOT; };
		44ADDB4D0D34A8E53E4C718D /* CoreAudioKit.framework */ /* CoreAudioKit.framework */ = {isa = PBXFileReference; lastKnownFileType = wrapper.framework; name = CoreAudioKit.framework; path = System/Library/Frameworks/CoreAudioKit.framework; sourceTree = SDKROOT; };
		4F1034A248131270CA83F2EC /* PLASLevelMeter.cpp */ /* PLASLevelMeter.cpp */ = {isa = PBXFileReference; lastKnownFileType = sourcecode.cpp.cpp; name = PLASLevelMeter.cpp; path = ../../Source/PLASLevelMeter.cpp; sourceTree = SOURCE_ROOT; };
		4FE39ACB81D0C20B3D80AE74 /* dButtonOff.png */ /* dButtonOff.png */ = {isa = PBXFileReference; lastKnownFileType = image.png; name = dButtonOff.png; path = ../../Assets/dButtonOff.png; sourceTree = SOURCE_ROOT; };
		5360CAEB97CAF9F101B64331 /* bigKnobN.png */ /* bigKnobN.png */ = {isa = PBXFileReference; lastKnownFileType = image.png; name = bigKnobN.png; path = ../../Assets/bigKnobN.png; sourceTree = SOURCE_ROOT; };
		53EE0CDCF5E07B5FB28D8B70 /* Shared Code */ = {isa = PBXFileReference; explicitFileType = archive.ar; includeInIndex = 0; path = libADHD.a; sourceTree = BUILT_PRODUCTS_DIR; };
		581B88761E13B4059DB8D2F5 /* ChannelComponent.cpp */ /* ChannelComponent.cpp */ = {isa = PBXFileReference; lastKnownFileType = sourcecode.cpp.cpp; name = ChannelComponent.cpp; path = ../../Source/ChannelComponent.cpp; sourceTree = SOURCE_ROOT; };
		5A1F95BB5C820D7AC37B6AE2 /* juce_data_structures */ /* juce_data_structures */ = {isa = PBXFileReference; lastKnownFileType = folder; name = juce_data_structures; path = /Users/pos17/Downloads/JUCE/modules/juce_data_structures; sourceTree = "<absolute>"; };
		5E7387F27A918B821826A301 /* Cocoa.framework */ /* Cocoa.framework */ = {isa = PBXFileReference; lastKnownFileType = wrapper.framework; name = Cocoa.framework; path = System/Library/Frameworks/Cocoa.framework; sourceTree = SDKROOT; };
		6342E64B85DA4B73DC6B7CDA /* Destroyed Link Button.png */ /* Destroyed Link Button.png */ = {isa = PBXFileReference; lastKnownFileType = image.png; name = "Destroyed Link Button.png"; path = "../../Assets/Destroyed Link Button.png"; sourceTree = SOURCE_ROOT; };
		635EF28500BC5467EE783171 /* include_juce_audio_plugin_client_AU_2.mm */ /* include_juce_audio_plugin_client_AU_2.mm */ = {isa = PBXFileReference; lastKnownFileType = sourcecode.cpp.objcpp; name = include_juce_audio_plugin_client_AU_2.mm; path = ../../JuceLibraryCode/include_juce_audio_plugin_client_AU_2.mm; sourceTree = SOURCE_ROOT; };
		640AFAE0771A6BA284405B5B /* Destroyed ON Button.png */ /* Destroyed ON Button.png */ = {isa = PBXFileReference; lastKnownFileType = image.png; name = "Destroyed ON Button.png"; path = "../../Assets/Destroyed ON Button.png"; sourceTree = SOURCE_ROOT; };
		6B085EA03B08C76B75A8829C /* Standalone Plugin */ = {isa = PBXFileReference; explicitFileType = wrapper.application; includeInIndex = 0; path = ADHD.app; sourceTree = BUILT_PRODUCTS_DIR; };
		6B7AABE7D8BD9EB50CB68420 /* juce_gui_basics */ /* juce_gui_basics */ = {isa = PBXFileReference; lastKnownFileType = folder; name = juce_gui_basics; path = /Users/pos17/Downloads/JUCE/modules/juce_gui_basics; sourceTree = "<absolute>"; };
		6DC5195FA0CFD49196443678 /* Destroyed MS Button.png */ /* Destroyed MS Button.png */ = {isa = PBXFileReference; lastKnownFileType = image.png; name = "Destroyed MS Button.png"; path = "../../Assets/Destroyed MS Button.png"; sourceTree = SOURCE_ROOT; };
		6F077666F9A55EE658E5BF5E /* Foundation.framework */ /* Foundation.framework */ = {isa = PBXFileReference; lastKnownFileType = wrapper.framework; name = Foundation.framework; path = System/Library/Frameworks/Foundation.framework; sourceTree = SDKROOT; };
		70A377BE9D0B4D4CEC2CD985 /* Carbon.framework */ /* Carbon.framework */ = {isa = PBXFileReference; lastKnownFileType = wrapper.framework; name = Carbon.framework; path = System/Library/Frameworks/Carbon.framework; sourceTree = SDKROOT; };
		71460744429EB6B14155F7E2 /* include_juce_audio_devices.mm */ /* include_juce_audio_devices.mm */ = {isa = PBXFileReference; lastKnownFileType = sourcecode.cpp.objcpp; name = include_juce_audio_devices.mm; path = ../../JuceLibraryCode/include_juce_audio_devices.mm; sourceTree = SOURCE_ROOT; };
		717C025B0E7CCF298AA1BE30 /* JucePluginDefines.h */ /* JucePluginDefines.h */ = {isa = PBXFileReference; lastKnownFileType = sourcecode.c.h; name = JucePluginDefines.h; path = ../../JuceLibraryCode/JucePluginDefines.h; sourceTree = SOURCE_ROOT; };
		75BE8A30A35EA17A16EE1C5E /* include_juce_audio_processors.mm */ /* include_juce_audio_processors.mm */ = {isa = PBXFileReference; lastKnownFileType = sourcecode.cpp.objcpp; name = include_juce_audio_processors.mm; path = ../../JuceLibraryCode/include_juce_audio_processors.mm; sourceTree = SOURCE_ROOT; };
		75FA5394C4E47FC9131EE037 /* LR labels meters.png */ /* LR labels meters.png */ = {isa = PBXFileReference; lastKnownFileType = image.png; name = "LR labels meters.png"; path = "../../Assets/LR labels meters.png"; sourceTree = SOURCE_ROOT; };
		77B9E960D9985CF72D111491 /* BG.png */ /* BG.png */ = {isa = PBXFileReference; lastKnownFileType = image.png; name = BG.png; path = ../../Assets/BG.png; sourceTree = SOURCE_ROOT; };
		77BCE057B5422C8B2B19A698 /* ChannelComponent.h */ /* ChannelComponent.h */ = {isa = PBXFileReference; lastKnownFileType = sourcecode.c.h; name = ChannelComponent.h; path = ../../Source/ChannelComponent.h; sourceTree = SOURCE_ROOT; };
		79FDFDC332126A3EFA13B0AE /* OFF LP Button.png */ /* OFF LP Button.png */ = {isa = PBXFileReference; lastKnownFileType = image.png; name = "OFF LP Button.png"; path = "../../Assets/OFF LP Button.png"; sourceTree = SOURCE_ROOT; };
		7F85BEEC16D5D6CE32F0E12F /* Destroyed ON HP Button.png */ /* Destroyed ON HP Button.png */ = {isa = PBXFileReference; lastKnownFileType = image.png; name = "Destroyed ON HP Button.png"; path = "../../Assets/Destroyed ON HP Button.png"; sourceTree = SOURCE_ROOT; };
		7F998D1D0A8E3A85C88495BA /* WebKit.framework */ /* WebKit.framework */ = {isa = PBXFileReference; lastKnownFileType = wrapper.framework; name = WebKit.framework; path = System/Library/Frameworks/WebKit.framework; sourceTree = SDKROOT; };
		812B3AE7ABC01140FC8EA7F2 /* IOKit.framework */ /* IOKit.framework */ = {isa = PBXFileReference; lastKnownFileType = wrapper.framework; name = IOKit.framework; path = System/Library/Frameworks/IOKit.framework; sourceTree = SDKROOT; };
		814A9A4D8256DB96F7A2AB14 /* Meter Destroyed.png */ /* Meter Destroyed.png */ = {isa = PBXFileReference; lastKnownFileType = image.png; name = "Meter Destroyed.png"; path = "../../Assets/Meter Destroyed.png"; sourceTree = SOURCE_ROOT; };
		8461BEE2AE74F392AD17F88C /* juce_audio_utils */ /* juce_audio_utils */ = {isa = PBXFileReference; lastKnownFileType = folder; name = juce_audio_utils; path = /Users/pos17/Downloads/JUCE/modules/juce_audio_utils; sourceTree = "<absolute>"; };
		849E935A0A64475A2B4D4591 /* include_juce_graphics.mm */ /* include_juce_graphics.mm */ = {isa = PBXFileReference; lastKnownFileType = sourcecode.cpp.objcpp; name = include_juce_graphics.mm; path = ../../JuceLibraryCode/include_juce_graphics.mm; sourceTree = SOURCE_ROOT; };
		86A6EBF721DA99EDBAD92354 /* AudioUnit.framework */ /* AudioUnit.framework */ = {isa = PBXFileReference; lastKnownFileType = wrapper.framework; name = AudioUnit.framework; path = System/Library/Frameworks/AudioUnit.framework; sourceTree = SDKROOT; };
		86B4A08633B1D338CAE38603 /* PluginProcessor.cpp */ /* PluginProcessor.cpp */ = {isa = PBXFileReference; lastKnownFileType = sourcecode.cpp.cpp; name = PluginProcessor.cpp; path = ../../Source/PluginProcessor.cpp; sourceTree = SOURCE_ROOT; };
		88DFA5E60919811D615F4F8C /* juce_dsp */ /* juce_dsp */ = {isa = PBXFileReference; lastKnownFileType = folder; name = juce_dsp; path = /Users/pos17/Downloads/JUCE/modules/juce_dsp; sourceTree = "<absolute>"; };
		8C13AE2E11292DD0DA880D83 /* ON Button.png */ /* ON Button.png */ = {isa = PBXFileReference; lastKnownFileType = image.png; name = "ON Button.png"; path = "../../Assets/ON Button.png"; sourceTree = SOURCE_ROOT; };
		8E34290AF42BD01820C0079C /* LR Button.png */ /* LR Button.png */ = {isa = PBXFileReference; lastKnownFileType = image.png; name = "LR Button.png"; path = "../../Assets/LR Button.png"; sourceTree = SOURCE_ROOT; };
		9402D03B72D56834E068DEE9 /* Secondary Destroyed.png */ /* Secondary Destroyed.png */ = {isa = PBXFileReference; lastKnownFileType = image.png; name = "Secondary Destroyed.png"; path = "../../Assets/Secondary Destroyed.png"; sourceTree = SOURCE_ROOT; };
		968B7063507668CB46A7C9F7 /* include_juce_audio_plugin_client_AU.r */ /* include_juce_audio_plugin_client_AU.r */ = {isa = PBXFileReference; lastKnownFileType = file.r; name = include_juce_audio_plugin_client_AU.r; path = ../../JuceLibraryCode/include_juce_audio_plugin_client_AU.r; sourceTree = SOURCE_ROOT; };
		97E0DE7E2DAA571082A432DE /* include_juce_data_structures.mm */ /* include_juce_data_structures.mm */ = {isa = PBXFileReference; lastKnownFileType = sourcecode.cpp.objcpp; name = include_juce_data_structures.mm; path = ../../JuceLibraryCode/include_juce_data_structures.mm; sourceTree = SOURCE_ROOT; };
		9C8B3F84FDE8D7260AB7DF5F /* include_juce_dsp.mm */ /* include_juce_dsp.mm */ = {isa = PBXFileReference; lastKnownFileType = sourcecode.cpp.objcpp; name = include_juce_dsp.mm; path = ../../JuceLibraryCode/include_juce_dsp.mm; sourceTree = SOURCE_ROOT; };
		9F1E4B0210E62948DB39D070 /* LR labels.png */ /* LR labels.png */ = {isa = PBXFileReference; lastKnownFileType = image.png; name = "LR labels.png"; path = "../../Assets/LR labels.png"; sourceTree = SOURCE_ROOT; };
		9FF01F5D4C9989F3FF801C59 /* include_juce_gui_basics.mm */ /* include_juce_gui_basics.mm */ = {isa = PBXFileReference; lastKnownFileType = sourcecode.cpp.objcpp; name = include_juce_gui_basics.mm; path = ../../JuceLibraryCode/include_juce_gui_basics.mm; sourceTree = SOURCE_ROOT; };
		A4005FB5EDF8F62152EFE68F /* juce_audio_processors */ /* juce_audio_processors */ = {isa = PBXFileReference; lastKnownFileType = folder; name = juce_audio_processors; path = /Users/pos17/Downloads/JUCE/modules/juce_audio_processors; sourceTree = "<absolute>"; };
		A41BF8250AB4D29E049452B3 /* Unlink Button.png */ /* Unlink Button.png */ = {isa = PBXFileReference; lastKnownFileType = image.png; name = "Unlink Button.png"; path = "../../Assets/Unlink Button.png"; sourceTree = SOURCE_ROOT; };
		A43F7495C0F0067103B09DA6 /* include_juce_events.mm */ /* include_juce_events.mm */ = {isa = PBXFileReference; lastKnownFileType = sourcecode.cpp.objcpp; name = include_juce_events.mm; path = ../../JuceLibraryCode/include_juce_events.mm; sourceTree = SOURCE_ROOT; };
		AC94ABEA7C4A79C231BEDCFE /* juce_events */ /* juce_events */ = {isa = PBXFileReference; lastKnownFileType = folder; name = juce_events; path = /Users/pos17/Downloads/JUCE/modules/juce_events; sourceTree = "<absolute>"; };
		ACD0C376B3726BEDC9A3F478 /* BinaryData.h */ /* BinaryData.h */ = {isa = PBXFileReference; lastKnownFileType = sourcecode.c.h; name = BinaryData.h; path = ../../JuceLibraryCode/BinaryData.h; sourceTree = SOURCE_ROOT; };
		AD23935134A3CCE3D06FC220 /* PluginEditor.h */ /* PluginEditor.h */ = {isa = PBXFileReference; lastKnownFileType = sourcecode.c.h; name = PluginEditor.h; path = ../../Source/PluginEditor.h; sourceTree = SOURCE_ROOT; };
		AFB3D2B59D2DE0B3EBF723AD /* AudioToolbox.framework */ /* AudioToolbox.framework */ = {isa = PBXFileReference; lastKnownFileType = wrapper.framework; name = AudioToolbox.framework; path = System/Library/Frameworks/AudioToolbox.framework; sourceTree = SDKROOT; };
		B01F90EC2BACC37C6E6AADF8 /* AU */ = {isa = PBXFileReference; explicitFileType = wrapper.cfbundle; includeInIndex = 0; path = ADHD.component; sourceTree = BUILT_PRODUCTS_DIR; };
		B13390F5B6800736F6A29D0F /* ON LP Button.png */ /* ON LP Button.png */ = {isa = PBXFileReference; lastKnownFileType = image.png; name = "ON LP Button.png"; path = "../../Assets/ON LP Button.png"; sourceTree = SOURCE_ROOT; };
		B1844340AC760E06941752DB /* Secondary Disabled.png */ /* Secondary Disabled.png */ = {isa = PBXFileReference; lastKnownFileType = image.png; name = "Secondary Disabled.png"; path = "../../Assets/Secondary Disabled.png"; sourceTree = SOURCE_ROOT; };
		B19F8B38A5D3B9A07A5188E5 /* PluginEditor.cpp */ /* PluginEditor.cpp */ = {isa = PBXFileReference; lastKnownFileType = sourcecode.cpp.cpp; name = PluginEditor.cpp; path = ../../Source/PluginEditor.cpp; sourceTree = SOURCE_ROOT; };
		B1F61BAF979F625D8975AEFB /* OFF BP Button.png */ /* OFF BP Button.png */ = {isa = PBXFileReference; lastKnownFileType = image.png; name = "OFF BP Button.png"; path = "../../Assets/OFF BP Button.png"; sourceTree = SOURCE_ROOT; };
		B297096EE3649C3B31015527 /* juce_graphics */ /* juce_graphics */ = {isa = PBXFileReference; lastKnownFileType = folder; name = juce_graphics; path = /Users/pos17/Downloads/JUCE/modules/juce_graphics; sourceTree = "<absolute>"; };
		B310F6CEE3E8DEE07C482BC4 /* Destroyed ON LP Button.png */ /* Destroyed ON LP Button.png */ = {isa = PBXFileReference; lastKnownFileType = image.png; name = "Destroyed ON LP Button.png"; path = "../../Assets/Destroyed ON LP Button.png"; sourceTree = SOURCE_ROOT; };
		B49CD613317E018B690AA2D3 /* Primary Disabled.png */ /* Primary Disabled.png */ = {isa = PBXFileReference; lastKnownFileType = image.png; name = "Primary Disabled.png"; path = "../../Assets/Primary Disabled.png"; sourceTree = SOURCE_ROOT; };
		B5703504C26D08101C6480D0 /* juce_audio_plugin_client */ /* juce_audio_plugin_client */ = {isa = PBXFileReference; lastKnownFileType = folder; name = juce_audio_plugin_client; path = /Users/pos17/Downloads/JUCE/modules/juce_audio_plugin_client; sourceTree = "<absolute>"; };
		B970D5A4592BAB285F03E61A /* New Knob Small.png */ /* New Knob Small.png */ = {isa = PBXFileReference; lastKnownFileType = image.png; name = "New Knob Small.png"; path = "../../Assets/New Knob Small.png"; sourceTree = SOURCE_ROOT; };
		BF4573D77EA5D0B16BABE42E /* include_juce_gui_extra.mm */ /* include_juce_gui_extra.mm */ = {isa = PBXFileReference; lastKnownFileType = sourcecode.cpp.objcpp; name = include_juce_gui_extra.mm; path = ../../JuceLibraryCode/include_juce_gui_extra.mm; sourceTree = SOURCE_ROOT; };
		C3C1EA3F31B7FCACB10E89C7 /* BinaryData4.cpp */ /* BinaryData4.cpp */ = {isa = PBXFileReference; lastKnownFileType = sourcecode.cpp.cpp; name = BinaryData4.cpp; path = ../../JuceLibraryCode/BinaryData4.cpp; sourceTree = SOURCE_ROOT; };
		C4F4F4A8AAAF92C42D3E0FBD /* BinaryData3.cpp */ /* BinaryData3.cpp */ = {isa = PBXFileReference; lastKnownFileType = sourcecode.cpp.cpp; name = BinaryData3.cpp; path = ../../JuceLibraryCode/BinaryData3.cpp; sourceTree = SOURCE_ROOT; };
		C8F604F88D06C6D80B207AA2 /* Info-Standalone_Plugin.plist */ /* Info-Standalone_Plugin.plist */ = {isa = PBXFileReference; lastKnownFileType = text.plist.xml; name = "Info-Standalone_Plugin.plist"; path = "Info-Standalone_Plugin.plist"; sourceTree = SOURCE_ROOT; };
		CD3EEDDAE65E92FD7D0E2261 /* BinaryData5.cpp */ /* BinaryData5.cpp */ = {isa = PBXFileReference; lastKnownFileType = sourcecode.cpp.cpp; name = BinaryData5.cpp; path = ../../JuceLibraryCode/BinaryData5.cpp; sourceTree = SOURCE_ROOT; };
		CEBC004C2E62E4147B33E266 /* Link Button.png */ /* Link Button.png */ = {isa = PBXFileReference; lastKnownFileType = image.png; name = "Link Button.png"; path = "../../Assets/Link Button.png"; sourceTree = SOURCE_ROOT; };
		D2EF117393CDC5591A64D3D9 /* OFF Button.png */ /* OFF Button.png */ = {isa = PBXFileReference; lastKnownFileType = image.png; name = "OFF Button.png"; path = "../../Assets/OFF Button.png"; sourceTree = SOURCE_ROOT; };
		D2FF8603B826F0C021E3E4BD /* ON HP Button.png */ /* ON HP Button.png */ = {isa = PBXFileReference; lastKnownFileType = image.png; name = "ON HP Button.png"; path = "../../Assets/ON HP Button.png"; sourceTree = SOURCE_ROOT; };
		D44FDB5DE6929A740B9C5B53 /* BinaryData2.cpp */ /* BinaryData2.cpp */ = {isa = PBXFileReference; lastKnownFileType = sourcecode.cpp.cpp; name = BinaryData2.cpp; path = ../../JuceLibraryCode/BinaryData2.cpp; sourceTree = SOURCE_ROOT; };
		D71F2EA6CC39DC65551AA835 /* DiscRecording.framework */ /* DiscRecording.framework */ = {isa = PBXFileReference; lastKnownFileType = wrapper.framework; name = DiscRecording.framework; path = System/Library/Frameworks/DiscRecording.framework; sourceTree = SDKROOT; };
		D7F54B20A1594E671BB3C38C /* RecentFilesMenuTemplate.nib */ /* RecentFilesMenuTemplate.nib */ = {isa = PBXFileReference; lastKnownFileType = file.nib; name = RecentFilesMenuTemplate.nib; path = RecentFilesMenuTemplate.nib; sourceTree = SOURCE_ROOT; };
		D818BEC935D9BA65290CF209 /* Primary Destroyed.png */ /* Primary Destroyed.png */ = {isa = PBXFileReference; lastKnownFileType = image.png; name = "Primary Destroyed.png"; path = "../../Assets/Primary Destroyed.png"; sourceTree = SOURCE_ROOT; };
		DB5908CD332DC2050EFED42D /* BinaryData6.cpp */ /* BinaryData6.cpp */ = {isa = PBXFileReference; lastKnownFileType = sourcecode.cpp.cpp; name = BinaryData6.cpp; path = ../../JuceLibraryCode/BinaryData6.cpp; sourceTree = SOURCE_ROOT; };
		E068E9948F6EDA4EE5AD31D2 /* Destroy Button.png */ /* Destroy Button.png */ = {isa = PBXFileReference; lastKnownFileType = image.png; name = "Destroy Button.png"; path = "../../Assets/Destroy Button.png"; sourceTree = SOURCE_ROOT; };
		E31B294A3BFA566B8D646290 /* Meter.png */ /* Meter.png */ = {isa = PBXFileReference; lastKnownFileType = image.png; name = Meter.png; path = ../../Assets/Meter.png; sourceTree = SOURCE_ROOT; };
		E582F1DDF38D6240EE2EDA1F /* Destroyed ON BP Button.png */ /* Destroyed ON BP Button.png */ = {isa = PBXFileReference; lastKnownFileType = image.png; name = "Destroyed ON BP Button.png"; path = "../../Assets/Destroyed ON BP Button.png"; sourceTree = SOURCE_ROOT; };
		E8A6C48F09724B3A214D8FC2 /* Secondary.png */ /* Secondary.png */ = {isa = PBXFileReference; lastKnownFileType = image.png; name = Secondary.png; path = ../../Assets/Secondary.png; sourceTree = SOURCE_ROOT; };
		E8E2FCB5E64B2CD32C7A811F /* include_juce_audio_plugin_client_AU_1.mm */ /* include_juce_audio_plugin_client_AU_1.mm */ = {isa = PBXFileReference; lastKnownFileType = sourcecode.cpp.objcpp; name = include_juce_audio_plugin_client_AU_1.mm; path = ../../JuceLibraryCode/include_juce_audio_plugin_client_AU_1.mm; sourceTree = SOURCE_ROOT; };
		E9F6771FE05EE0925045BD3E /* OFF LR Button.png */ /* OFF LR Button.png */ = {isa = PBXFileReference; lastKnownFileType = image.png; name = "OFF LR Button.png"; path = "../../Assets/OFF LR Button.png"; sourceTree = SOURCE_ROOT; };
		EBA02B7BA3320C7C9564CCD8 /* Primary.png */ /* Primary.png */ = {isa = PBXFileReference; lastKnownFileType = image.png; name = Primary.png; path = ../../Assets/Primary.png; sourceTree = SOURCE_ROOT; };
		EBA78EBDB6C9609B439791A9 /* MS Button.png */ /* MS Button.png */ = {isa = PBXFileReference; lastKnownFileType = image.png; name = "MS Button.png"; path = "../../Assets/MS Button.png"; sourceTree = SOURCE_ROOT; };
		EE15C2DC742BB43D78697A08 /* PLASLevelMeter.h */ /* PLASLevelMeter.h */ = {isa = PBXFileReference; lastKnownFileType = sourcecode.c.h; name = PLASLevelMeter.h; path = ../../Source/PLASLevelMeter.h; sourceTree = SOURCE_ROOT; };
		EE337ECBF9950FAAA57E9E73 /* juce_audio_basics */ /* juce_audio_basics */ = {isa = PBXFileReference; lastKnownFileType = folder; name = juce_audio_basics; path = /Users/pos17/Downloads/JUCE/modules/juce_audio_basics; sourceTree = "<absolute>"; };
		F1EA6FBAAEC6E3F304F7FFDA /* OFF MS Button.png */ /* OFF MS Button.png */ = {isa = PBXFileReference; lastKnownFileType = image.png; name = "OFF MS Button.png"; path = "../../Assets/OFF MS Button.png"; sourceTree = SOURCE_ROOT; };
		F355B37D3AADBD3C6AA204F3 /* PluginProcessor.h */ /* PluginProcessor.h */ = {isa = PBXFileReference; lastKnownFileType = sourcecode.c.h; name = PluginProcessor.h; path = ../../Source/PluginProcessor.h; sourceTree = SOURCE_ROOT; };
		F3FA0F28238F77D58F1E8C6C /* Destroyed LR Button.png */ /* Destroyed LR Button.png */ = {isa = PBXFileReference; lastKnownFileType = image.png; name = "Destroyed LR Button.png"; path = "../../Assets/Destroyed LR Button.png"; sourceTree = SOURCE_ROOT; };
		F410FE4903C9E288CC0851F6 /* PlasLookAndFeel.h */ /* PlasLookAndFeel.h */ = {isa = PBXFileReference; lastKnownFileType = sourcecode.c.h; name = PlasLookAndFeel.h; path = ../../Source/PlasLookAndFeel.h; sourceTree = SOURCE_ROOT; };
		F72F7919E8CA53F1B53D7B03 /* PlasLookAndFeel.cpp */ /* PlasLookAndFeel.cpp */ = {isa = PBXFileReference; lastKnownFileType = sourcecode.cpp.cpp; name = PlasLookAndFeel.cpp; path = ../../Source/PlasLookAndFeel.cpp; sourceTree = SOURCE_ROOT; };
		F73DAE5420390AF2FB71EF97 /* OFF HP Button.png */ /* OFF HP Button.png */ = {isa = PBXFileReference; lastKnownFileType = image.png; name = "OFF HP Button.png"; path = "../../Assets/OFF HP Button.png"; sourceTree = SOURCE_ROOT; };
		FA3B51841681113BD4E66C64 /* include_juce_audio_plugin_client_VST_utils.mm */ /* include_juce_audio_plugin_client_VST_utils.mm */ = {isa = PBXFileReference; lastKnownFileType = sourcecode.cpp.objcpp; name = include_juce_audio_plugin_client_VST_utils.mm; path = ../../JuceLibraryCode/include_juce_audio_plugin_client_VST_utils.mm; sourceTree = SOURCE_ROOT; };
		FD4154AEE248FF5A62546CEF /* GUI definitivaBG.png */ /* GUI definitivaBG.png */ = {isa = PBXFileReference; lastKnownFileType = image.png; name = "GUI definitivaBG.png"; path = "../../Assets/GUI definitivaBG.png"; sourceTree = SOURCE_ROOT; };
		FEFE13839921E6EF3A1FB0E8 /* include_juce_audio_formats.mm */ /* include_juce_audio_formats.mm */ = {isa = PBXFileReference; lastKnownFileType = sourcecode.cpp.objcpp; name = include_juce_audio_formats.mm; path = ../../JuceLibraryCode/include_juce_audio_formats.mm; sourceTree = SOURCE_ROOT; };
/* End PBXFileReference section */

/* Begin PBXFrameworksBuildPhase section */
		2F23BC3C34956FA6028ABCC9 = {
			isa = PBXFrameworksBuildPhase;
			buildActionMask = 2147483647;
			files = (
				A23AF211CDD7C3558AD3AE26,
				9C29B01B545073F1235CDECB,
				7D9F7E67ADB12D1197600620,
				BA7676F84937A96713940656,
				531A6802580899A955A3A05F,
				51626E6D2958295868738CDF,
				2C82E12F97F9E11857D1FB66,
				A6C80EA86DC12B858B3D2F1C,
				EF9ADDB6F94899EEEAD57C3C,
				D17C1B0C2DEB1687496E3598,
				AA433FB397E041AE8A2B6BA4,
				66657A7EA1E5728FD9A97688,
			);
			runOnlyForDeploymentPostprocessing = 0;
		};
		85C46780C1EBDA3C7333347E = {
			isa = PBXFrameworksBuildPhase;
			buildActionMask = 2147483647;
			files = (
				9197AF21B899D4758EF58B68,
				A23AF211CDD7C3558AD3AE26,
				9C29B01B545073F1235CDECB,
				7D9F7E67ADB12D1197600620,
				BA7676F84937A96713940656,
				531A6802580899A955A3A05F,
				51626E6D2958295868738CDF,
				2C82E12F97F9E11857D1FB66,
				A6C80EA86DC12B858B3D2F1C,
				EF9ADDB6F94899EEEAD57C3C,
				D17C1B0C2DEB1687496E3598,
				AA433FB397E041AE8A2B6BA4,
				66657A7EA1E5728FD9A97688,
			);
			runOnlyForDeploymentPostprocessing = 0;
		};
		C0DCFAC298C93E0624A24C27 = {
			isa = PBXFrameworksBuildPhase;
			buildActionMask = 2147483647;
			files = (
				A23AF211CDD7C3558AD3AE26,
				9C29B01B545073F1235CDECB,
				7D9F7E67ADB12D1197600620,
				BA7676F84937A96713940656,
				531A6802580899A955A3A05F,
				51626E6D2958295868738CDF,
				2C82E12F97F9E11857D1FB66,
				A6C80EA86DC12B858B3D2F1C,
				EF9ADDB6F94899EEEAD57C3C,
				D17C1B0C2DEB1687496E3598,
				AA433FB397E041AE8A2B6BA4,
				66657A7EA1E5728FD9A97688,
			);
			runOnlyForDeploymentPostprocessing = 0;
		};
/* End PBXFrameworksBuildPhase section */

/* Begin PBXGroup section */
		081F0C74CF8E02059DBCF3D5 /* ADHD */ = {
			isa = PBXGroup;
			children = (
				0D648F3804D28B8CAF678912,
				09164F43FCA08D6590DE7106,
			);
			name = ADHD;
			sourceTree = "<group>";
		};
		09164F43FCA08D6590DE7106 /* Source */ = {
			isa = PBXGroup;
			children = (
				581B88761E13B4059DB8D2F5,
				77BCE057B5422C8B2B19A698,
				4F1034A248131270CA83F2EC,
				EE15C2DC742BB43D78697A08,
				F72F7919E8CA53F1B53D7B03,
				F410FE4903C9E288CC0851F6,
				B19F8B38A5D3B9A07A5188E5,
				AD23935134A3CCE3D06FC220,
				86B4A08633B1D338CAE38603,
				F355B37D3AADBD3C6AA204F3,
			);
			name = Source;
			sourceTree = "<group>";
		};
		0C40BD14AC095E6C0D0F8E4B /* JUCE Modules */ = {
			isa = PBXGroup;
			children = (
				EE337ECBF9950FAAA57E9E73,
				18E28E1CF0BFC4CA52F11E66,
				35FDE22B36C0C03C8B98FD29,
				B5703504C26D08101C6480D0,
				A4005FB5EDF8F62152EFE68F,
				8461BEE2AE74F392AD17F88C,
				00E37672C21E0164DDCCDEC8,
				5A1F95BB5C820D7AC37B6AE2,
				88DFA5E60919811D615F4F8C,
				AC94ABEA7C4A79C231BEDCFE,
				B297096EE3649C3B31015527,
				6B7AABE7D8BD9EB50CB68420,
				115CAC2F8FC92124BDFCE25F,
			);
			name = "JUCE Modules";
			sourceTree = "<group>";
		};
		0D648F3804D28B8CAF678912 /* Assets */ = {
			isa = PBXGroup;
			children = (
				77B9E960D9985CF72D111491,
				2645D46AF57D2F0751762635,
				5360CAEB97CAF9F101B64331,
				4FE39ACB81D0C20B3D80AE74,
				0DF1169A9B270469E27B664F,
				E068E9948F6EDA4EE5AD31D2,
				6342E64B85DA4B73DC6B7CDA,
				F3FA0F28238F77D58F1E8C6C,
				6DC5195FA0CFD49196443678,
				E582F1DDF38D6240EE2EDA1F,
				640AFAE0771A6BA284405B5B,
				7F85BEEC16D5D6CE32F0E12F,
				B310F6CEE3E8DEE07C482BC4,
				0092090866275E1496E6E674,
				FD4154AEE248FF5A62546CEF,
				CEBC004C2E62E4147B33E266,
				8E34290AF42BD01820C0079C,
				75FA5394C4E47FC9131EE037,
				9F1E4B0210E62948DB39D070,
				814A9A4D8256DB96F7A2AB14,
				E31B294A3BFA566B8D646290,
				EBA78EBDB6C9609B439791A9,
				43C28635DB3B02577DAA585E,
				2717D705D4D979C64E01A87A,
				B970D5A4592BAB285F03E61A,
				B1F61BAF979F625D8975AEFB,
				D2EF117393CDC5591A64D3D9,
				F73DAE5420390AF2FB71EF97,
				79FDFDC332126A3EFA13B0AE,
				E9F6771FE05EE0925045BD3E,
				F1EA6FBAAEC6E3F304F7FFDA,
				0CED4002FCBB374C1F496705,
				8C13AE2E11292DD0DA880D83,
				D2FF8603B826F0C021E3E4BD,
				B13390F5B6800736F6A29D0F,
				D818BEC935D9BA65290CF209,
				B49CD613317E018B690AA2D3,
				EBA02B7BA3320C7C9564CCD8,
				9402D03B72D56834E068DEE9,
				B1844340AC760E06941752DB,
				E8A6C48F09724B3A214D8FC2,
				2C431B18BEAFF31E29763A63,
				A41BF8250AB4D29E049452B3,
			);
			name = Assets;
			sourceTree = "<group>";
		};
		132D6C4C24339B946D312F65 /* Source */ = {
			isa = PBXGroup;
			children = (
				081F0C74CF8E02059DBCF3D5,
				0C40BD14AC095E6C0D0F8E4B,
				37229807D3663BF9DBDA2DFD,
				15E2471877D6170487E0C6CA,
				5661649164B9E42420730206,
				8329666280254293044F4F83,
			);
			name = Source;
			sourceTree = "<group>";
		};
		15E2471877D6170487E0C6CA /* Resources */ = {
			isa = PBXGroup;
			children = (
				04E26E86EA8FAFC31B486E02,
				2552C4A2A326D3E2A8248BE8,
				C8F604F88D06C6D80B207AA2,
				D7F54B20A1594E671BB3C38C,
			);
			name = Resources;
			sourceTree = "<group>";
		};
		37229807D3663BF9DBDA2DFD /* JUCE Library Code */ = {
			isa = PBXGroup;
			children = (
				1AB179AE55153EEF1D2DCDE9,
				ACD0C376B3726BEDC9A3F478,
				D44FDB5DE6929A740B9C5B53,
				C4F4F4A8AAAF92C42D3E0FBD,
				C3C1EA3F31B7FCACB10E89C7,
				CD3EEDDAE65E92FD7D0E2261,
				DB5908CD332DC2050EFED42D,
				31A55DDDD7AA764D1C6C34A7,
				1940DFE5D0A7E96029615093,
				71460744429EB6B14155F7E2,
				FEFE13839921E6EF3A1FB0E8,
				968B7063507668CB46A7C9F7,
				E8E2FCB5E64B2CD32C7A811F,
				635EF28500BC5467EE783171,
				0B4C02B01019E19311BE19F3,
				37129A4BE02BE2E014976ADF,
				FA3B51841681113BD4E66C64,
				09896FC5B60492DAC053025A,
				75BE8A30A35EA17A16EE1C5E,
				291C89353EEAD922DBBB005C,
				3531FF9A680DF580508FB07D,
				97E0DE7E2DAA571082A432DE,
				9C8B3F84FDE8D7260AB7DF5F,
				A43F7495C0F0067103B09DA6,
				849E935A0A64475A2B4D4591,
				9FF01F5D4C9989F3FF801C59,
				BF4573D77EA5D0B16BABE42E,
				1778158515659EBBC491A6FD,
				717C025B0E7CCF298AA1BE30,
			);
			name = "JUCE Library Code";
			sourceTree = "<group>";
		};
		5661649164B9E42420730206 /* Frameworks */ = {
			isa = PBXGroup;
			children = (
				86A6EBF721DA99EDBAD92354,
				1EDEB0409AE6816CA90B6C8C,
				AFB3D2B59D2DE0B3EBF723AD,
				70A377BE9D0B4D4CEC2CD985,
				5E7387F27A918B821826A301,
				354230F578DD60527AD33030,
				44ADDB4D0D34A8E53E4C718D,
				049B1D0B93EAA2F2F6FAFD84,
				D71F2EA6CC39DC65551AA835,
				6F077666F9A55EE658E5BF5E,
				812B3AE7ABC01140FC8EA7F2,
				3D9FE6A84673E6154198FDF0,
				7F998D1D0A8E3A85C88495BA,
			);
			name = Frameworks;
			sourceTree = "<group>";
		};
		8329666280254293044F4F83 /* Products */ = {
			isa = PBXGroup;
			children = (
				2BAFECB75ADAA1061E5D934D,
				B01F90EC2BACC37C6E6AADF8,
				6B085EA03B08C76B75A8829C,
				53EE0CDCF5E07B5FB28D8B70,
			);
			name = Products;
			sourceTree = "<group>";
		};
/* End PBXGroup section */

/* Begin PBXNativeTarget section */
		2BBD24A94DC090A5C3463AA3 /* ADHD - AU */ = {
			isa = PBXNativeTarget;
			buildConfigurationList = FFC2247F5A46C89DF32E7F24;
			buildPhases = (
				C9265C5015CA60440BB3A172,
				24FD83B0E0AE49A51F2CA35F,
				15C69F78D062405D8244952E,
				85C46780C1EBDA3C7333347E,
			);
			buildRules = (
			);
			dependencies = (
				7C21596C7852AE8929AE51B5,
			);
			name = "ADHD - AU";
			productName = ADHD;
			productReference = B01F90EC2BACC37C6E6AADF8;
			productType = "com.apple.product-type.bundle";
		};
		4A5EE62196D5AFB92921FEA4 /* ADHD - Standalone Plugin */ = {
			isa = PBXNativeTarget;
			buildConfigurationList = F29D6D20CA783DF2876D27BF;
			buildPhases = (
				0DF1D8EABF176DEF830FC5CD,
				C37A11D5EAFBDBB7C231DCA2,
				2F23BC3C34956FA6028ABCC9,
			);
			buildRules = (
			);
			dependencies = (
				DDF6AA648A58AB25E7AB1317,
			);
			name = "ADHD - Standalone Plugin";
			productName = ADHD;
			productReference = 6B085EA03B08C76B75A8829C;
			productType = "com.apple.product-type.application";
		};
		63BB44ADF11FFA2901F01424 /* ADHD - VST3 */ = {
			isa = PBXNativeTarget;
			buildConfigurationList = 5EC5959D7D537D6820ACA15B;
			buildPhases = (
				23E48EC225DF6E04E71EF151,
				8C7360AADB4D5AC54DD3E078,
				C0DCFAC298C93E0624A24C27,
			);
			buildRules = (
			);
			dependencies = (
				BB62DE3CDD794D7AA817F480,
			);
			name = "ADHD - VST3";
			productName = ADHD;
			productReference = 2BAFECB75ADAA1061E5D934D;
			productType = "com.apple.product-type.bundle";
		};
		CCC0E3036B0DF403A6893620 /* ADHD - Shared Code */ = {
			isa = PBXNativeTarget;
			buildConfigurationList = 1E35D00FA03404081B1A52FD;
			buildPhases = (
				EDB93D9A8AE555FA6F01BFEB,
			);
			buildRules = (
			);
			dependencies = (
			);
			name = "ADHD - Shared Code";
			productName = ADHD;
			productReference = 53EE0CDCF5E07B5FB28D8B70;
			productType = "com.apple.product-type.library.static";
		};
/* End PBXNativeTarget section */

/* Begin PBXProject section */
		E55DA28817834CE6A5C27CE8 = {
			isa = PBXProject;
			attributes = {
				LastUpgradeCheck = 1320;
				ORGANIZATIONNAME = "";
				TargetAttributes = {
					2BBD24A94DC090A5C3463AA3 = {
						SystemCapabilities = {
							com.apple.ApplicationGroups.iOS = {
								enabled = 0;
							};
							com.apple.HardenedRuntime = {
								enabled = 0;
							};
							com.apple.InAppPurchase = {
								enabled = 0;
							};
							com.apple.InterAppAudio = {
								enabled = 0;
							};
							com.apple.Push = {
								enabled = 0;
							};
							com.apple.Sandbox = {
								enabled = 0;
							};
						};
					};
					4A5EE62196D5AFB92921FEA4 = {
						SystemCapabilities = {
							com.apple.ApplicationGroups.iOS = {
								enabled = 0;
							};
							com.apple.HardenedRuntime = {
								enabled = 0;
							};
							com.apple.InAppPurchase = {
								enabled = 0;
							};
							com.apple.InterAppAudio = {
								enabled = 0;
							};
							com.apple.Push = {
								enabled = 0;
							};
							com.apple.Sandbox = {
								enabled = 0;
							};
						};
					};
					63BB44ADF11FFA2901F01424 = {
						SystemCapabilities = {
							com.apple.ApplicationGroups.iOS = {
								enabled = 0;
							};
							com.apple.HardenedRuntime = {
								enabled = 0;
							};
							com.apple.InAppPurchase = {
								enabled = 0;
							};
							com.apple.InterAppAudio = {
								enabled = 0;
							};
							com.apple.Push = {
								enabled = 0;
							};
							com.apple.Sandbox = {
								enabled = 0;
							};
						};
					};
					C0F4CF52EC534458248A6985 = {
						SystemCapabilities = {
							com.apple.ApplicationGroups.iOS = {
								enabled = 0;
							};
							com.apple.HardenedRuntime = {
								enabled = 0;
							};
							com.apple.InAppPurchase = {
								enabled = 0;
							};
							com.apple.InterAppAudio = {
								enabled = 0;
							};
							com.apple.Push = {
								enabled = 0;
							};
							com.apple.Sandbox = {
								enabled = 0;
							};
						};
					};
					CCC0E3036B0DF403A6893620 = {
						SystemCapabilities = {
							com.apple.ApplicationGroups.iOS = {
								enabled = 0;
							};
							com.apple.HardenedRuntime = {
								enabled = 0;
							};
							com.apple.InAppPurchase = {
								enabled = 0;
							};
							com.apple.InterAppAudio = {
								enabled = 0;
							};
							com.apple.Push = {
								enabled = 0;
							};
							com.apple.Sandbox = {
								enabled = 0;
							};
						};
					};
				};
			};
			buildConfigurationList = D6E516627D7BE8C03CEF41C8;
			compatibilityVersion = "Xcode 3.2";
			hasScannedForEncodings = 0;
			knownRegions = (
				en,
				Base,
			);
			mainGroup = 132D6C4C24339B946D312F65;
			projectDirPath = "";
			projectRoot = "";
			targets = (
				C0F4CF52EC534458248A6985,
				63BB44ADF11FFA2901F01424,
				2BBD24A94DC090A5C3463AA3,
				4A5EE62196D5AFB92921FEA4,
				CCC0E3036B0DF403A6893620,
			);
		};
/* End PBXProject section */

/* Begin PBXResourcesBuildPhase section */
		0DF1D8EABF176DEF830FC5CD = {
			isa = PBXResourcesBuildPhase;
			buildActionMask = 2147483647;
			files = (
				DA7F4BAC4E5BA1720412081E,
			);
			runOnlyForDeploymentPostprocessing = 0;
		};
		23E48EC225DF6E04E71EF151 = {
			isa = PBXResourcesBuildPhase;
			buildActionMask = 2147483647;
			files = (
				DA7F4BAC4E5BA1720412081E,
			);
			runOnlyForDeploymentPostprocessing = 0;
		};
		C9265C5015CA60440BB3A172 = {
			isa = PBXResourcesBuildPhase;
			buildActionMask = 2147483647;
			files = (
				DA7F4BAC4E5BA1720412081E,
			);
			runOnlyForDeploymentPostprocessing = 0;
		};
/* End PBXResourcesBuildPhase section */

/* Begin PBXRezBuildPhase section */
		24FD83B0E0AE49A51F2CA35F = {
			isa = PBXRezBuildPhase;
			buildActionMask = 2147483647;
			files = (
				88A723C8DD2108B25A37022A,
			);
			runOnlyForDeploymentPostprocessing = 0;
		};
/* End PBXRezBuildPhase section */

/* Begin PBXSourcesBuildPhase section */
		15C69F78D062405D8244952E = {
			isa = PBXSourcesBuildPhase;
			buildActionMask = 2147483647;
			files = (
				F371C2107B45430FD4B40CB4,
				D1F84491CF75FB972F9DCFAB,
			);
			runOnlyForDeploymentPostprocessing = 0;
		};
		8C7360AADB4D5AC54DD3E078 = {
			isa = PBXSourcesBuildPhase;
			buildActionMask = 2147483647;
			files = (
				287AA1558F0425DD9816CDB6,
			);
			runOnlyForDeploymentPostprocessing = 0;
		};
		C37A11D5EAFBDBB7C231DCA2 = {
			isa = PBXSourcesBuildPhase;
			buildActionMask = 2147483647;
			files = (
				D98A03F3B75DC18650368EBC,
			);
			runOnlyForDeploymentPostprocessing = 0;
		};
		EDB93D9A8AE555FA6F01BFEB = {
			isa = PBXSourcesBuildPhase;
			buildActionMask = 2147483647;
			files = (
				1667238DEBB39494B802B516,
				93E65C37F20E9C6C90FDFBC8,
				2857498C047D8B9C6106C51B,
				2D44B168A084CA284F6DBEEC,
				85D192050FACF7EE662C386D,
				70F30FBFB17E5875E71355CB,
				BFF4DC6EA8EE674A767B1BD6,
				F60B645C0920158B53AC4A76,
				C364E787E7F406C485785F32,
				E6F1871211E9314C60925873,
				5E8487D523416A5ABFA7259C,
				A49D2D61D264CEAB09FB4FD6,
				F2B7C894890D8E23B66B231C,
				0EDED0EE2B2F8474C5BE4317,
				2CF6C7631A1ACD09C3F1281D,
				D0F7DD22A432D41576B0AE6B,
				97D7EE39D8015D52BF382637,
				CBDC39F4D6FA6B0B35707672,
				50E30F22235F2D74E7B972BA,
				FFDA74975BD0243AF26EF672,
				CCA54A3CE71991FDD2956D73,
				DD0517F545A6F974016963C5,
				9AECADCB24F4487DEB5EFEB1,
				EAA28149CEB9F4DAFCEA1786,
				9415A4F860A16E47BD8882BB,
				6CC972CB2A2E6261E92411EA,
			);
			runOnlyForDeploymentPostprocessing = 0;
		};
/* End PBXSourcesBuildPhase section */

/* Begin PBXTargetDependency section */
		7C21596C7852AE8929AE51B5 = {
			isa = PBXTargetDependency;
			target = CCC0E3036B0DF403A6893620;
		};
		85DABCB0F05B0BBE397CC132 = {
			isa = PBXTargetDependency;
			target = 2BBD24A94DC090A5C3463AA3;
		};
		B70921C3C3C7FEC9F6789341 = {
			isa = PBXTargetDependency;
			target = CCC0E3036B0DF403A6893620;
		};
		BB62DE3CDD794D7AA817F480 = {
			isa = PBXTargetDependency;
			target = CCC0E3036B0DF403A6893620;
		};
		C0B89D2A1ED83842203A1F9C = {
			isa = PBXTargetDependency;
			target = 63BB44ADF11FFA2901F01424;
		};
		CB96E1D7FABF365A63E63CB9 = {
			isa = PBXTargetDependency;
			target = 4A5EE62196D5AFB92921FEA4;
		};
		DDF6AA648A58AB25E7AB1317 = {
			isa = PBXTargetDependency;
			target = CCC0E3036B0DF403A6893620;
		};
/* End PBXTargetDependency section */

/* Begin XCBuildConfiguration section */
		2E1A132DC5CAD26BD68DD9DD /* Debug */ = {
			isa = XCBuildConfiguration;
			buildSettings = {
				CLANG_CXX_LANGUAGE_STANDARD = "c++14";
				CLANG_CXX_LIBRARY = "libc++";
				CLANG_LINK_OBJC_RUNTIME = NO;
				CODE_SIGN_IDENTITY = "";
				COMBINE_HIDPI_IMAGES = YES;
				CONFIGURATION_BUILD_DIR = "$(PROJECT_DIR)/build/$(CONFIGURATION)";
				COPY_PHASE_STRIP = NO;
				DEPLOYMENT_LOCATION = YES;
				DSTROOT = /;
				EXCLUDED_ARCHS = "";
				GCC_DYNAMIC_NO_PIC = NO;
				GCC_OPTIMIZATION_LEVEL = 0;
				GCC_PREPROCESSOR_DEFINITIONS = (
					"_DEBUG=1",
					"DEBUG=1",
					"JUCE_DISPLAY_SPLASH_SCREEN=1",
					"JUCE_USE_DARK_SPLASH_SCREEN=1",
					"JUCE_PROJUCER_VERSION=0x60106",
					"JUCE_MODULE_AVAILABLE_juce_audio_basics=1",
					"JUCE_MODULE_AVAILABLE_juce_audio_devices=1",
					"JUCE_MODULE_AVAILABLE_juce_audio_formats=1",
					"JUCE_MODULE_AVAILABLE_juce_audio_plugin_client=1",
					"JUCE_MODULE_AVAILABLE_juce_audio_processors=1",
					"JUCE_MODULE_AVAILABLE_juce_audio_utils=1",
					"JUCE_MODULE_AVAILABLE_juce_core=1",
					"JUCE_MODULE_AVAILABLE_juce_data_structures=1",
					"JUCE_MODULE_AVAILABLE_juce_dsp=1",
					"JUCE_MODULE_AVAILABLE_juce_events=1",
					"JUCE_MODULE_AVAILABLE_juce_graphics=1",
					"JUCE_MODULE_AVAILABLE_juce_gui_basics=1",
					"JUCE_MODULE_AVAILABLE_juce_gui_extra=1",
					"JUCE_GLOBAL_MODULE_SETTINGS_INCLUDED=1",
					"JUCE_VST3_CAN_REPLACE_VST2=0",
					"JUCE_STRICT_REFCOUNTEDPOINTER=1",
					"JucePlugin_Build_VST=0",
					"JucePlugin_Build_VST3=0",
					"JucePlugin_Build_AU=1",
					"JucePlugin_Build_AUv3=0",
					"JucePlugin_Build_RTAS=0",
					"JucePlugin_Build_AAX=0",
					"JucePlugin_Build_Standalone=0",
					"JucePlugin_Build_Unity=0",
					"JucePlugin_Enable_IAA=0",
					"JucePlugin_Name=\\\"ADHD\\\"",
					"JucePlugin_Desc=\\\"ADHD\\\"",
					"JucePlugin_Manufacturer=\\\"yourcompany\\\"",
					"JucePlugin_ManufacturerWebsite=\\\"\\\"",
					"JucePlugin_ManufacturerEmail=\\\"\\\"",
					"JucePlugin_ManufacturerCode=0x4d616e75",
					"JucePlugin_PluginCode=0x49306476",
					"JucePlugin_IsSynth=0",
					"JucePlugin_WantsMidiInput=0",
					"JucePlugin_ProducesMidiOutput=0",
					"JucePlugin_IsMidiEffect=0",
					"JucePlugin_EditorRequiresKeyboardFocus=0",
					"JucePlugin_Version=1.0.0",
					"JucePlugin_VersionCode=0x10000",
					"JucePlugin_VersionString=\\\"1.0.0\\\"",
					"JucePlugin_VSTUniqueID=JucePlugin_PluginCode",
					"JucePlugin_VSTCategory=kPlugCategEffect",
					"JucePlugin_Vst3Category=\\\"Fx\\\"",
					"JucePlugin_AUMainType=\\'aufx\\'",
					"JucePlugin_AUSubType=JucePlugin_PluginCode",
					"JucePlugin_AUExportPrefix=ADHDAU",
					"JucePlugin_AUExportPrefixQuoted=\\\"ADHDAU\\\"",
					"JucePlugin_AUManufacturerCode=JucePlugin_ManufacturerCode",
					"JucePlugin_CFBundleIdentifier=com.yourcompany.ADHD",
					"JucePlugin_RTASCategory=0",
					"JucePlugin_RTASManufacturerCode=JucePlugin_ManufacturerCode",
					"JucePlugin_RTASProductId=JucePlugin_PluginCode",
					"JucePlugin_RTASDisableBypass=0",
					"JucePlugin_RTASDisableMultiMono=0",
					"JucePlugin_AAXIdentifier=com.yourcompany.ADHD",
					"JucePlugin_AAXManufacturerCode=JucePlugin_ManufacturerCode",
					"JucePlugin_AAXProductId=JucePlugin_PluginCode",
					"JucePlugin_AAXCategory=0",
					"JucePlugin_AAXDisableBypass=0",
					"JucePlugin_AAXDisableMultiMono=0",
					"JucePlugin_IAAType=0x61757278",
					"JucePlugin_IAASubType=JucePlugin_PluginCode",
					"JucePlugin_IAAName=\\\"yourcompany:\\ ADHD\\\"",
					"JucePlugin_VSTNumMidiInputs=16",
					"JucePlugin_VSTNumMidiOutputs=16",
					"JUCE_STANDALONE_APPLICATION=JucePlugin_Build_Standalone",
					"JUCER_XCODE_MAC_F6D2F4CF=1",
					"JUCE_APP_VERSION=1.0.0",
					"JUCE_APP_VERSION_HEX=0x10000",
				);
				GCC_VERSION = com.apple.compilers.llvm.clang.1_0;
				GENERATE_PKGINFO_FILE = YES;
				HEADER_SEARCH_PATHS = (
					"/Users/pos17/Downloads/JUCE/modules/juce_audio_processors/format_types/VST3_SDK",
					"$(SRCROOT)/../../JuceLibraryCode",
					"/Users/pos17/Downloads/JUCE/modules",
					"/Users/pos17/Downloads/JUCE/modules/juce_audio_plugin_client",
					"$(inherited)",
				);
				INFOPLIST_FILE = Info-AU.plist;
				INFOPLIST_PREPROCESS = NO;
				INSTALL_PATH = "$(HOME)/Library/Audio/Plug-Ins/Components/";
				LIBRARY_STYLE = Bundle;
				MACOSX_DEPLOYMENT_TARGET = 10.11;
				MTL_HEADER_SEARCH_PATHS = "/Users/pos17/Downloads/JUCE/modules/juce_audio_processors/format_types/VST3_SDK $(SRCROOT)/../../JuceLibraryCode /Users/pos17/Downloads/JUCE/modules /Users/pos17/Downloads/JUCE/modules/juce_audio_plugin_client";
				OTHER_LDFLAGS = "-bundle -lADHD";
				OTHER_REZFLAGS = "-d ppc_$ppc -d i386_$i386 -d ppc64_$ppc64 -d x86_64_$x86_64 -d arm64_$arm64 -I /System/Library/Frameworks/CoreServices.framework/Frameworks/CarbonCore.framework/Versions/A/Headers -I \"$(DEVELOPER_DIR)/Extras/CoreAudio/AudioUnits/AUPublic/AUBase\" -I \"$(DEVELOPER_DIR)/Platforms/MacOSX.platform/Developer/SDKs/MacOSX.sdk/System/Library/Frameworks/AudioUnit.framework/Headers\"";
				PRODUCT_BUNDLE_IDENTIFIER = com.yourcompany.ADHD;
				PRODUCT_NAME = "ADHD";
				USE_HEADERMAP = NO;
				VALID_ARCHS = "i386 x86_64 arm64 arm64e";
				WRAPPER_EXTENSION = component;
			};
			name = Debug;
		};
		57C06BECAF1C983A1596367A /* Debug */ = {
			isa = XCBuildConfiguration;
			buildSettings = {
				MACOSX_DEPLOYMENT_TARGET = 10.11;
				SDKROOT = macosx;
			};
			name = Debug;
		};
		6DCFBD519B98D875F74D700E /* Debug */ = {
			isa = XCBuildConfiguration;
			buildSettings = {
				CLANG_CXX_LANGUAGE_STANDARD = "c++14";
				CLANG_CXX_LIBRARY = "libc++";
				CLANG_LINK_OBJC_RUNTIME = NO;
				CODE_SIGN_IDENTITY = "";
				COMBINE_HIDPI_IMAGES = YES;
				CONFIGURATION_BUILD_DIR = "$(PROJECT_DIR)/build/$(CONFIGURATION)";
				COPY_PHASE_STRIP = NO;
				EXCLUDED_ARCHS = "";
				GCC_DYNAMIC_NO_PIC = NO;
				GCC_OPTIMIZATION_LEVEL = 0;
				GCC_PREPROCESSOR_DEFINITIONS = (
					"_DEBUG=1",
					"DEBUG=1",
					"JUCE_DISPLAY_SPLASH_SCREEN=1",
					"JUCE_USE_DARK_SPLASH_SCREEN=1",
					"JUCE_PROJUCER_VERSION=0x60106",
					"JUCE_MODULE_AVAILABLE_juce_audio_basics=1",
					"JUCE_MODULE_AVAILABLE_juce_audio_devices=1",
					"JUCE_MODULE_AVAILABLE_juce_audio_formats=1",
					"JUCE_MODULE_AVAILABLE_juce_audio_plugin_client=1",
					"JUCE_MODULE_AVAILABLE_juce_audio_processors=1",
					"JUCE_MODULE_AVAILABLE_juce_audio_utils=1",
					"JUCE_MODULE_AVAILABLE_juce_core=1",
					"JUCE_MODULE_AVAILABLE_juce_data_structures=1",
					"JUCE_MODULE_AVAILABLE_juce_dsp=1",
					"JUCE_MODULE_AVAILABLE_juce_events=1",
					"JUCE_MODULE_AVAILABLE_juce_graphics=1",
					"JUCE_MODULE_AVAILABLE_juce_gui_basics=1",
					"JUCE_MODULE_AVAILABLE_juce_gui_extra=1",
					"JUCE_GLOBAL_MODULE_SETTINGS_INCLUDED=1",
					"JUCE_VST3_CAN_REPLACE_VST2=0",
					"JUCE_STRICT_REFCOUNTEDPOINTER=1",
					"JucePlugin_Build_VST=0",
					"JucePlugin_Build_VST3=0",
					"JucePlugin_Build_AU=0",
					"JucePlugin_Build_AUv3=0",
					"JucePlugin_Build_RTAS=0",
					"JucePlugin_Build_AAX=0",
					"JucePlugin_Build_Standalone=1",
					"JucePlugin_Build_Unity=0",
					"JucePlugin_Enable_IAA=0",
					"JucePlugin_Name=\\\"ADHD\\\"",
					"JucePlugin_Desc=\\\"ADHD\\\"",
					"JucePlugin_Manufacturer=\\\"yourcompany\\\"",
					"JucePlugin_ManufacturerWebsite=\\\"\\\"",
					"JucePlugin_ManufacturerEmail=\\\"\\\"",
					"JucePlugin_ManufacturerCode=0x4d616e75",
					"JucePlugin_PluginCode=0x49306476",
					"JucePlugin_IsSynth=0",
					"JucePlugin_WantsMidiInput=0",
					"JucePlugin_ProducesMidiOutput=0",
					"JucePlugin_IsMidiEffect=0",
					"JucePlugin_EditorRequiresKeyboardFocus=0",
					"JucePlugin_Version=1.0.0",
					"JucePlugin_VersionCode=0x10000",
					"JucePlugin_VersionString=\\\"1.0.0\\\"",
					"JucePlugin_VSTUniqueID=JucePlugin_PluginCode",
					"JucePlugin_VSTCategory=kPlugCategEffect",
					"JucePlugin_Vst3Category=\\\"Fx\\\"",
					"JucePlugin_AUMainType=\\'aufx\\'",
					"JucePlugin_AUSubType=JucePlugin_PluginCode",
					"JucePlugin_AUExportPrefix=ADHDAU",
					"JucePlugin_AUExportPrefixQuoted=\\\"ADHDAU\\\"",
					"JucePlugin_AUManufacturerCode=JucePlugin_ManufacturerCode",
					"JucePlugin_CFBundleIdentifier=com.yourcompany.ADHD",
					"JucePlugin_RTASCategory=0",
					"JucePlugin_RTASManufacturerCode=JucePlugin_ManufacturerCode",
					"JucePlugin_RTASProductId=JucePlugin_PluginCode",
					"JucePlugin_RTASDisableBypass=0",
					"JucePlugin_RTASDisableMultiMono=0",
					"JucePlugin_AAXIdentifier=com.yourcompany.ADHD",
					"JucePlugin_AAXManufacturerCode=JucePlugin_ManufacturerCode",
					"JucePlugin_AAXProductId=JucePlugin_PluginCode",
					"JucePlugin_AAXCategory=0",
					"JucePlugin_AAXDisableBypass=0",
					"JucePlugin_AAXDisableMultiMono=0",
					"JucePlugin_IAAType=0x61757278",
					"JucePlugin_IAASubType=JucePlugin_PluginCode",
					"JucePlugin_IAAName=\\\"yourcompany:\\ ADHD\\\"",
					"JucePlugin_VSTNumMidiInputs=16",
					"JucePlugin_VSTNumMidiOutputs=16",
					"JUCE_STANDALONE_APPLICATION=JucePlugin_Build_Standalone",
					"JUCER_XCODE_MAC_F6D2F4CF=1",
					"JUCE_APP_VERSION=1.0.0",
					"JUCE_APP_VERSION_HEX=0x10000",
				);
				GCC_VERSION = com.apple.compilers.llvm.clang.1_0;
				HEADER_SEARCH_PATHS = (
					"/Users/pos17/Downloads/JUCE/modules/juce_audio_processors/format_types/VST3_SDK",
					"$(SRCROOT)/../../JuceLibraryCode",
					"/Users/pos17/Downloads/JUCE/modules",
					"/Users/pos17/Downloads/JUCE/modules/juce_audio_plugin_client",
					"$(inherited)",
				);
				INFOPLIST_FILE = Info-Standalone_Plugin.plist;
				INFOPLIST_PREPROCESS = NO;
				MACOSX_DEPLOYMENT_TARGET = 10.11;
				MTL_HEADER_SEARCH_PATHS = "/Users/pos17/Downloads/JUCE/modules/juce_audio_processors/format_types/VST3_SDK $(SRCROOT)/../../JuceLibraryCode /Users/pos17/Downloads/JUCE/modules /Users/pos17/Downloads/JUCE/modules/juce_audio_plugin_client";
				OTHER_LDFLAGS = "-lADHD";
				PRODUCT_BUNDLE_IDENTIFIER = com.yourcompany.ADHD;
				PRODUCT_NAME = "ADHD";
				USE_HEADERMAP = NO;
				VALID_ARCHS = "i386 x86_64 arm64 arm64e";
			};
			name = Debug;
		};
		7066011682CCE868C3D105F9 /* Debug */ = {
			isa = XCBuildConfiguration;
			buildSettings = {
				CLANG_CXX_LANGUAGE_STANDARD = "c++14";
				CLANG_CXX_LIBRARY = "libc++";
				CLANG_LINK_OBJC_RUNTIME = NO;
				CODE_SIGN_IDENTITY = "";
				COMBINE_HIDPI_IMAGES = YES;
				CONFIGURATION_BUILD_DIR = "$(PROJECT_DIR)/build/$(CONFIGURATION)";
				COPY_PHASE_STRIP = NO;
				DEPLOYMENT_LOCATION = YES;
				DSTROOT = /;
				EXCLUDED_ARCHS = "";
				GCC_DYNAMIC_NO_PIC = NO;
				GCC_OPTIMIZATION_LEVEL = 0;
				GCC_PREPROCESSOR_DEFINITIONS = (
					"_DEBUG=1",
					"DEBUG=1",
					"JUCE_DISPLAY_SPLASH_SCREEN=1",
					"JUCE_USE_DARK_SPLASH_SCREEN=1",
					"JUCE_PROJUCER_VERSION=0x60106",
					"JUCE_MODULE_AVAILABLE_juce_audio_basics=1",
					"JUCE_MODULE_AVAILABLE_juce_audio_devices=1",
					"JUCE_MODULE_AVAILABLE_juce_audio_formats=1",
					"JUCE_MODULE_AVAILABLE_juce_audio_plugin_client=1",
					"JUCE_MODULE_AVAILABLE_juce_audio_processors=1",
					"JUCE_MODULE_AVAILABLE_juce_audio_utils=1",
					"JUCE_MODULE_AVAILABLE_juce_core=1",
					"JUCE_MODULE_AVAILABLE_juce_data_structures=1",
					"JUCE_MODULE_AVAILABLE_juce_dsp=1",
					"JUCE_MODULE_AVAILABLE_juce_events=1",
					"JUCE_MODULE_AVAILABLE_juce_graphics=1",
					"JUCE_MODULE_AVAILABLE_juce_gui_basics=1",
					"JUCE_MODULE_AVAILABLE_juce_gui_extra=1",
					"JUCE_GLOBAL_MODULE_SETTINGS_INCLUDED=1",
					"JUCE_VST3_CAN_REPLACE_VST2=0",
					"JUCE_STRICT_REFCOUNTEDPOINTER=1",
					"JucePlugin_Build_VST=0",
					"JucePlugin_Build_VST3=1",
					"JucePlugin_Build_AU=0",
					"JucePlugin_Build_AUv3=0",
					"JucePlugin_Build_RTAS=0",
					"JucePlugin_Build_AAX=0",
					"JucePlugin_Build_Standalone=0",
					"JucePlugin_Build_Unity=0",
					"JucePlugin_Enable_IAA=0",
					"JucePlugin_Name=\\\"ADHD\\\"",
					"JucePlugin_Desc=\\\"ADHD\\\"",
					"JucePlugin_Manufacturer=\\\"yourcompany\\\"",
					"JucePlugin_ManufacturerWebsite=\\\"\\\"",
					"JucePlugin_ManufacturerEmail=\\\"\\\"",
					"JucePlugin_ManufacturerCode=0x4d616e75",
					"JucePlugin_PluginCode=0x49306476",
					"JucePlugin_IsSynth=0",
					"JucePlugin_WantsMidiInput=0",
					"JucePlugin_ProducesMidiOutput=0",
					"JucePlugin_IsMidiEffect=0",
					"JucePlugin_EditorRequiresKeyboardFocus=0",
					"JucePlugin_Version=1.0.0",
					"JucePlugin_VersionCode=0x10000",
					"JucePlugin_VersionString=\\\"1.0.0\\\"",
					"JucePlugin_VSTUniqueID=JucePlugin_PluginCode",
					"JucePlugin_VSTCategory=kPlugCategEffect",
					"JucePlugin_Vst3Category=\\\"Fx\\\"",
					"JucePlugin_AUMainType=\\'aufx\\'",
					"JucePlugin_AUSubType=JucePlugin_PluginCode",
					"JucePlugin_AUExportPrefix=ADHDAU",
					"JucePlugin_AUExportPrefixQuoted=\\\"ADHDAU\\\"",
					"JucePlugin_AUManufacturerCode=JucePlugin_ManufacturerCode",
					"JucePlugin_CFBundleIdentifier=com.yourcompany.ADHD",
					"JucePlugin_RTASCategory=0",
					"JucePlugin_RTASManufacturerCode=JucePlugin_ManufacturerCode",
					"JucePlugin_RTASProductId=JucePlugin_PluginCode",
					"JucePlugin_RTASDisableBypass=0",
					"JucePlugin_RTASDisableMultiMono=0",
					"JucePlugin_AAXIdentifier=com.yourcompany.ADHD",
					"JucePlugin_AAXManufacturerCode=JucePlugin_ManufacturerCode",
					"JucePlugin_AAXProductId=JucePlugin_PluginCode",
					"JucePlugin_AAXCategory=0",
					"JucePlugin_AAXDisableBypass=0",
					"JucePlugin_AAXDisableMultiMono=0",
					"JucePlugin_IAAType=0x61757278",
					"JucePlugin_IAASubType=JucePlugin_PluginCode",
					"JucePlugin_IAAName=\\\"yourcompany:\\ ADHD\\\"",
					"JucePlugin_VSTNumMidiInputs=16",
					"JucePlugin_VSTNumMidiOutputs=16",
					"JUCE_STANDALONE_APPLICATION=JucePlugin_Build_Standalone",
					"JUCER_XCODE_MAC_F6D2F4CF=1",
					"JUCE_APP_VERSION=1.0.0",
					"JUCE_APP_VERSION_HEX=0x10000",
				);
				GCC_VERSION = com.apple.compilers.llvm.clang.1_0;
				GENERATE_PKGINFO_FILE = YES;
				HEADER_SEARCH_PATHS = (
					"/Users/pos17/Downloads/JUCE/modules/juce_audio_processors/format_types/VST3_SDK",
					"$(SRCROOT)/../../JuceLibraryCode",
					"/Users/pos17/Downloads/JUCE/modules",
					"/Users/pos17/Downloads/JUCE/modules/juce_audio_plugin_client",
					"$(inherited)",
				);
				INFOPLIST_FILE = Info-VST3.plist;
				INFOPLIST_PREPROCESS = NO;
				INSTALL_PATH = "$(HOME)/Library/Audio/Plug-Ins/VST3/";
				LIBRARY_STYLE = Bundle;
				MACOSX_DEPLOYMENT_TARGET = 10.11;
				MTL_HEADER_SEARCH_PATHS = "/Users/pos17/Downloads/JUCE/modules/juce_audio_processors/format_types/VST3_SDK $(SRCROOT)/../../JuceLibraryCode /Users/pos17/Downloads/JUCE/modules /Users/pos17/Downloads/JUCE/modules/juce_audio_plugin_client";
				OTHER_LDFLAGS = "-bundle -lADHD";
				PRODUCT_BUNDLE_IDENTIFIER = com.yourcompany.ADHD;
				PRODUCT_NAME = "ADHD";
				USE_HEADERMAP = NO;
				VALID_ARCHS = "i386 x86_64 arm64 arm64e";
				WRAPPER_EXTENSION = vst3;
			};
			name = Debug;
		};
		794C0F3E3FE5B6CFDE1E52A2 /* Debug */ = {
			isa = XCBuildConfiguration;
			buildSettings = {
				CLANG_CXX_LANGUAGE_STANDARD = "c++14";
				CLANG_CXX_LIBRARY = "libc++";
				CLANG_LINK_OBJC_RUNTIME = NO;
				CODE_SIGN_IDENTITY = "";
				COMBINE_HIDPI_IMAGES = YES;
				CONFIGURATION_BUILD_DIR = "$(PROJECT_DIR)/build/$(CONFIGURATION)";
				COPY_PHASE_STRIP = NO;
				EXCLUDED_ARCHS = "";
				GCC_DYNAMIC_NO_PIC = NO;
				GCC_OPTIMIZATION_LEVEL = 0;
				GCC_PREPROCESSOR_DEFINITIONS = (
					"_DEBUG=1",
					"DEBUG=1",
					"JUCE_DISPLAY_SPLASH_SCREEN=1",
					"JUCE_USE_DARK_SPLASH_SCREEN=1",
					"JUCE_PROJUCER_VERSION=0x60106",
					"JUCE_MODULE_AVAILABLE_juce_audio_basics=1",
					"JUCE_MODULE_AVAILABLE_juce_audio_devices=1",
					"JUCE_MODULE_AVAILABLE_juce_audio_formats=1",
					"JUCE_MODULE_AVAILABLE_juce_audio_plugin_client=1",
					"JUCE_MODULE_AVAILABLE_juce_audio_processors=1",
					"JUCE_MODULE_AVAILABLE_juce_audio_utils=1",
					"JUCE_MODULE_AVAILABLE_juce_core=1",
					"JUCE_MODULE_AVAILABLE_juce_data_structures=1",
					"JUCE_MODULE_AVAILABLE_juce_dsp=1",
					"JUCE_MODULE_AVAILABLE_juce_events=1",
					"JUCE_MODULE_AVAILABLE_juce_graphics=1",
					"JUCE_MODULE_AVAILABLE_juce_gui_basics=1",
					"JUCE_MODULE_AVAILABLE_juce_gui_extra=1",
					"JUCE_GLOBAL_MODULE_SETTINGS_INCLUDED=1",
					"JUCE_VST3_CAN_REPLACE_VST2=0",
					"JUCE_STRICT_REFCOUNTEDPOINTER=1",
					"JucePlugin_Build_VST=0",
					"JucePlugin_Build_VST3=1",
					"JucePlugin_Build_AU=1",
					"JucePlugin_Build_AUv3=0",
					"JucePlugin_Build_RTAS=0",
					"JucePlugin_Build_AAX=0",
					"JucePlugin_Build_Standalone=1",
					"JucePlugin_Build_Unity=0",
					"JucePlugin_Enable_IAA=0",
					"JucePlugin_Name=\\\"ADHD\\\"",
					"JucePlugin_Desc=\\\"ADHD\\\"",
					"JucePlugin_Manufacturer=\\\"yourcompany\\\"",
					"JucePlugin_ManufacturerWebsite=\\\"\\\"",
					"JucePlugin_ManufacturerEmail=\\\"\\\"",
					"JucePlugin_ManufacturerCode=0x4d616e75",
					"JucePlugin_PluginCode=0x49306476",
					"JucePlugin_IsSynth=0",
					"JucePlugin_WantsMidiInput=0",
					"JucePlugin_ProducesMidiOutput=0",
					"JucePlugin_IsMidiEffect=0",
					"JucePlugin_EditorRequiresKeyboardFocus=0",
					"JucePlugin_Version=1.0.0",
					"JucePlugin_VersionCode=0x10000",
					"JucePlugin_VersionString=\\\"1.0.0\\\"",
					"JucePlugin_VSTUniqueID=JucePlugin_PluginCode",
					"JucePlugin_VSTCategory=kPlugCategEffect",
					"JucePlugin_Vst3Category=\\\"Fx\\\"",
					"JucePlugin_AUMainType=\\'aufx\\'",
					"JucePlugin_AUSubType=JucePlugin_PluginCode",
					"JucePlugin_AUExportPrefix=ADHDAU",
					"JucePlugin_AUExportPrefixQuoted=\\\"ADHDAU\\\"",
					"JucePlugin_AUManufacturerCode=JucePlugin_ManufacturerCode",
					"JucePlugin_CFBundleIdentifier=com.yourcompany.ADHD",
					"JucePlugin_RTASCategory=0",
					"JucePlugin_RTASManufacturerCode=JucePlugin_ManufacturerCode",
					"JucePlugin_RTASProductId=JucePlugin_PluginCode",
					"JucePlugin_RTASDisableBypass=0",
					"JucePlugin_RTASDisableMultiMono=0",
					"JucePlugin_AAXIdentifier=com.yourcompany.ADHD",
					"JucePlugin_AAXManufacturerCode=JucePlugin_ManufacturerCode",
					"JucePlugin_AAXProductId=JucePlugin_PluginCode",
					"JucePlugin_AAXCategory=0",
					"JucePlugin_AAXDisableBypass=0",
					"JucePlugin_AAXDisableMultiMono=0",
					"JucePlugin_IAAType=0x61757278",
					"JucePlugin_IAASubType=JucePlugin_PluginCode",
					"JucePlugin_IAAName=\\\"yourcompany:\\ ADHD\\\"",
					"JucePlugin_VSTNumMidiInputs=16",
					"JucePlugin_VSTNumMidiOutputs=16",
					"JUCE_STANDALONE_APPLICATION=JucePlugin_Build_Standalone",
					"JUCER_XCODE_MAC_F6D2F4CF=1",
					"JUCE_APP_VERSION=1.0.0",
					"JUCE_APP_VERSION_HEX=0x10000",
					"JUCE_SHARED_CODE=1",
				);
				GCC_VERSION = com.apple.compilers.llvm.clang.1_0;
				HEADER_SEARCH_PATHS = (
					"/Users/pos17/Downloads/JUCE/modules/juce_audio_processors/format_types/VST3_SDK",
					"$(SRCROOT)/../../JuceLibraryCode",
					"/Users/pos17/Downloads/JUCE/modules",
					"/Users/pos17/Downloads/JUCE/modules/juce_audio_plugin_client",
					"$(inherited)",
				);
				INSTALL_PATH = "@executable_path/../Frameworks";
				MACOSX_DEPLOYMENT_TARGET = 10.11;
				MTL_HEADER_SEARCH_PATHS = "/Users/pos17/Downloads/JUCE/modules/juce_audio_processors/format_types/VST3_SDK $(SRCROOT)/../../JuceLibraryCode /Users/pos17/Downloads/JUCE/modules /Users/pos17/Downloads/JUCE/modules/juce_audio_plugin_client";
				PRODUCT_BUNDLE_IDENTIFIER = com.yourcompany.ADHD;
				PRODUCT_NAME = "ADHD";
				SKIP_INSTALL = YES;
				USE_HEADERMAP = NO;
				VALID_ARCHS = "i386 x86_64 arm64 arm64e";
			};
			name = Debug;
		};
		B19D26DA4AFCE161E30B4A07 /* Release */ = {
			isa = XCBuildConfiguration;
			buildSettings = {
				CLANG_CXX_LANGUAGE_STANDARD = "c++14";
				CLANG_CXX_LIBRARY = "libc++";
				CLANG_LINK_OBJC_RUNTIME = NO;
				CODE_SIGN_IDENTITY = "";
				COMBINE_HIDPI_IMAGES = YES;
				CONFIGURATION_BUILD_DIR = "$(PROJECT_DIR)/build/$(CONFIGURATION)";
				DEAD_CODE_STRIPPING = YES;
				DEPLOYMENT_LOCATION = YES;
				DSTROOT = /;
				EXCLUDED_ARCHS = "";
				GCC_GENERATE_DEBUGGING_SYMBOLS = NO;
				GCC_OPTIMIZATION_LEVEL = 3;
				GCC_PREPROCESSOR_DEFINITIONS = (
					"_NDEBUG=1",
					"NDEBUG=1",
					"JUCE_DISPLAY_SPLASH_SCREEN=1",
					"JUCE_USE_DARK_SPLASH_SCREEN=1",
					"JUCE_PROJUCER_VERSION=0x60106",
					"JUCE_MODULE_AVAILABLE_juce_audio_basics=1",
					"JUCE_MODULE_AVAILABLE_juce_audio_devices=1",
					"JUCE_MODULE_AVAILABLE_juce_audio_formats=1",
					"JUCE_MODULE_AVAILABLE_juce_audio_plugin_client=1",
					"JUCE_MODULE_AVAILABLE_juce_audio_processors=1",
					"JUCE_MODULE_AVAILABLE_juce_audio_utils=1",
					"JUCE_MODULE_AVAILABLE_juce_core=1",
					"JUCE_MODULE_AVAILABLE_juce_data_structures=1",
					"JUCE_MODULE_AVAILABLE_juce_dsp=1",
					"JUCE_MODULE_AVAILABLE_juce_events=1",
					"JUCE_MODULE_AVAILABLE_juce_graphics=1",
					"JUCE_MODULE_AVAILABLE_juce_gui_basics=1",
					"JUCE_MODULE_AVAILABLE_juce_gui_extra=1",
					"JUCE_GLOBAL_MODULE_SETTINGS_INCLUDED=1",
					"JUCE_VST3_CAN_REPLACE_VST2=0",
					"JUCE_STRICT_REFCOUNTEDPOINTER=1",
					"JucePlugin_Build_VST=0",
					"JucePlugin_Build_VST3=1",
					"JucePlugin_Build_AU=0",
					"JucePlugin_Build_AUv3=0",
					"JucePlugin_Build_RTAS=0",
					"JucePlugin_Build_AAX=0",
					"JucePlugin_Build_Standalone=0",
					"JucePlugin_Build_Unity=0",
					"JucePlugin_Enable_IAA=0",
					"JucePlugin_Name=\\\"ADHD\\\"",
					"JucePlugin_Desc=\\\"ADHD\\\"",
					"JucePlugin_Manufacturer=\\\"yourcompany\\\"",
					"JucePlugin_ManufacturerWebsite=\\\"\\\"",
					"JucePlugin_ManufacturerEmail=\\\"\\\"",
					"JucePlugin_ManufacturerCode=0x4d616e75",
					"JucePlugin_PluginCode=0x49306476",
					"JucePlugin_IsSynth=0",
					"JucePlugin_WantsMidiInput=0",
					"JucePlugin_ProducesMidiOutput=0",
					"JucePlugin_IsMidiEffect=0",
					"JucePlugin_EditorRequiresKeyboardFocus=0",
					"JucePlugin_Version=1.0.0",
					"JucePlugin_VersionCode=0x10000",
					"JucePlugin_VersionString=\\\"1.0.0\\\"",
					"JucePlugin_VSTUniqueID=JucePlugin_PluginCode",
					"JucePlugin_VSTCategory=kPlugCategEffect",
					"JucePlugin_Vst3Category=\\\"Fx\\\"",
					"JucePlugin_AUMainType=\\'aufx\\'",
					"JucePlugin_AUSubType=JucePlugin_PluginCode",
					"JucePlugin_AUExportPrefix=ADHDAU",
					"JucePlugin_AUExportPrefixQuoted=\\\"ADHDAU\\\"",
					"JucePlugin_AUManufacturerCode=JucePlugin_ManufacturerCode",
					"JucePlugin_CFBundleIdentifier=com.yourcompany.ADHD",
					"JucePlugin_RTASCategory=0",
					"JucePlugin_RTASManufacturerCode=JucePlugin_ManufacturerCode",
					"JucePlugin_RTASProductId=JucePlugin_PluginCode",
					"JucePlugin_RTASDisableBypass=0",
					"JucePlugin_RTASDisableMultiMono=0",
					"JucePlugin_AAXIdentifier=com.yourcompany.ADHD",
					"JucePlugin_AAXManufacturerCode=JucePlugin_ManufacturerCode",
					"JucePlugin_AAXProductId=JucePlugin_PluginCode",
					"JucePlugin_AAXCategory=0",
					"JucePlugin_AAXDisableBypass=0",
					"JucePlugin_AAXDisableMultiMono=0",
					"JucePlugin_IAAType=0x61757278",
					"JucePlugin_IAASubType=JucePlugin_PluginCode",
					"JucePlugin_IAAName=\\\"yourcompany:\\ ADHD\\\"",
					"JucePlugin_VSTNumMidiInputs=16",
					"JucePlugin_VSTNumMidiOutputs=16",
					"JUCE_STANDALONE_APPLICATION=JucePlugin_Build_Standalone",
					"JUCER_XCODE_MAC_F6D2F4CF=1",
					"JUCE_APP_VERSION=1.0.0",
					"JUCE_APP_VERSION_HEX=0x10000",
				);
				GCC_VERSION = com.apple.compilers.llvm.clang.1_0;
				GENERATE_PKGINFO_FILE = YES;
				HEADER_SEARCH_PATHS = (
					"/Users/pos17/Downloads/JUCE/modules/juce_audio_processors/format_types/VST3_SDK",
					"$(SRCROOT)/../../JuceLibraryCode",
					"/Users/pos17/Downloads/JUCE/modules",
					"/Users/pos17/Downloads/JUCE/modules/juce_audio_plugin_client",
					"$(inherited)",
				);
				INFOPLIST_FILE = Info-VST3.plist;
				INFOPLIST_PREPROCESS = NO;
				INSTALL_PATH = "$(HOME)/Library/Audio/Plug-Ins/VST3/";
				LIBRARY_STYLE = Bundle;
				LLVM_LTO = YES;
				MACOSX_DEPLOYMENT_TARGET = 10.11;
				MTL_HEADER_SEARCH_PATHS = "/Users/pos17/Downloads/JUCE/modules/juce_audio_processors/format_types/VST3_SDK $(SRCROOT)/../../JuceLibraryCode /Users/pos17/Downloads/JUCE/modules /Users/pos17/Downloads/JUCE/modules/juce_audio_plugin_client";
				OTHER_LDFLAGS = "-bundle -lADHD";
				PRODUCT_BUNDLE_IDENTIFIER = com.yourcompany.ADHD;
				PRODUCT_NAME = "ADHD";
				USE_HEADERMAP = NO;
				VALID_ARCHS = "i386 x86_64 arm64 arm64e";
				WRAPPER_EXTENSION = vst3;
			};
			name = Release;
		};
		BA0ECB541AA20753F3873E13 /* Release */ = {
			isa = XCBuildConfiguration;
			buildSettings = {
				CLANG_CXX_LANGUAGE_STANDARD = "c++14";
				CLANG_CXX_LIBRARY = "libc++";
				CLANG_LINK_OBJC_RUNTIME = NO;
				CODE_SIGN_IDENTITY = "";
				COMBINE_HIDPI_IMAGES = YES;
				CONFIGURATION_BUILD_DIR = "$(PROJECT_DIR)/build/$(CONFIGURATION)";
				DEAD_CODE_STRIPPING = YES;
				DEPLOYMENT_LOCATION = YES;
				DSTROOT = /;
				EXCLUDED_ARCHS = "";
				GCC_GENERATE_DEBUGGING_SYMBOLS = NO;
				GCC_OPTIMIZATION_LEVEL = 3;
				GCC_PREPROCESSOR_DEFINITIONS = (
					"_NDEBUG=1",
					"NDEBUG=1",
					"JUCE_DISPLAY_SPLASH_SCREEN=1",
					"JUCE_USE_DARK_SPLASH_SCREEN=1",
					"JUCE_PROJUCER_VERSION=0x60106",
					"JUCE_MODULE_AVAILABLE_juce_audio_basics=1",
					"JUCE_MODULE_AVAILABLE_juce_audio_devices=1",
					"JUCE_MODULE_AVAILABLE_juce_audio_formats=1",
					"JUCE_MODULE_AVAILABLE_juce_audio_plugin_client=1",
					"JUCE_MODULE_AVAILABLE_juce_audio_processors=1",
					"JUCE_MODULE_AVAILABLE_juce_audio_utils=1",
					"JUCE_MODULE_AVAILABLE_juce_core=1",
					"JUCE_MODULE_AVAILABLE_juce_data_structures=1",
					"JUCE_MODULE_AVAILABLE_juce_dsp=1",
					"JUCE_MODULE_AVAILABLE_juce_events=1",
					"JUCE_MODULE_AVAILABLE_juce_graphics=1",
					"JUCE_MODULE_AVAILABLE_juce_gui_basics=1",
					"JUCE_MODULE_AVAILABLE_juce_gui_extra=1",
					"JUCE_GLOBAL_MODULE_SETTINGS_INCLUDED=1",
					"JUCE_VST3_CAN_REPLACE_VST2=0",
					"JUCE_STRICT_REFCOUNTEDPOINTER=1",
					"JucePlugin_Build_VST=0",
					"JucePlugin_Build_VST3=0",
					"JucePlugin_Build_AU=1",
					"JucePlugin_Build_AUv3=0",
					"JucePlugin_Build_RTAS=0",
					"JucePlugin_Build_AAX=0",
					"JucePlugin_Build_Standalone=0",
					"JucePlugin_Build_Unity=0",
					"JucePlugin_Enable_IAA=0",
					"JucePlugin_Name=\\\"ADHD\\\"",
					"JucePlugin_Desc=\\\"ADHD\\\"",
					"JucePlugin_Manufacturer=\\\"yourcompany\\\"",
					"JucePlugin_ManufacturerWebsite=\\\"\\\"",
					"JucePlugin_ManufacturerEmail=\\\"\\\"",
					"JucePlugin_ManufacturerCode=0x4d616e75",
					"JucePlugin_PluginCode=0x49306476",
					"JucePlugin_IsSynth=0",
					"JucePlugin_WantsMidiInput=0",
					"JucePlugin_ProducesMidiOutput=0",
					"JucePlugin_IsMidiEffect=0",
					"JucePlugin_EditorRequiresKeyboardFocus=0",
					"JucePlugin_Version=1.0.0",
					"JucePlugin_VersionCode=0x10000",
					"JucePlugin_VersionString=\\\"1.0.0\\\"",
					"JucePlugin_VSTUniqueID=JucePlugin_PluginCode",
					"JucePlugin_VSTCategory=kPlugCategEffect",
					"JucePlugin_Vst3Category=\\\"Fx\\\"",
					"JucePlugin_AUMainType=\\'aufx\\'",
					"JucePlugin_AUSubType=JucePlugin_PluginCode",
					"JucePlugin_AUExportPrefix=ADHDAU",
					"JucePlugin_AUExportPrefixQuoted=\\\"ADHDAU\\\"",
					"JucePlugin_AUManufacturerCode=JucePlugin_ManufacturerCode",
					"JucePlugin_CFBundleIdentifier=com.yourcompany.ADHD",
					"JucePlugin_RTASCategory=0",
					"JucePlugin_RTASManufacturerCode=JucePlugin_ManufacturerCode",
					"JucePlugin_RTASProductId=JucePlugin_PluginCode",
					"JucePlugin_RTASDisableBypass=0",
					"JucePlugin_RTASDisableMultiMono=0",
					"JucePlugin_AAXIdentifier=com.yourcompany.ADHD",
					"JucePlugin_AAXManufacturerCode=JucePlugin_ManufacturerCode",
					"JucePlugin_AAXProductId=JucePlugin_PluginCode",
					"JucePlugin_AAXCategory=0",
					"JucePlugin_AAXDisableBypass=0",
					"JucePlugin_AAXDisableMultiMono=0",
					"JucePlugin_IAAType=0x61757278",
					"JucePlugin_IAASubType=JucePlugin_PluginCode",
					"JucePlugin_IAAName=\\\"yourcompany:\\ ADHD\\\"",
					"JucePlugin_VSTNumMidiInputs=16",
					"JucePlugin_VSTNumMidiOutputs=16",
					"JUCE_STANDALONE_APPLICATION=JucePlugin_Build_Standalone",
					"JUCER_XCODE_MAC_F6D2F4CF=1",
					"JUCE_APP_VERSION=1.0.0",
					"JUCE_APP_VERSION_HEX=0x10000",
				);
				GCC_VERSION = com.apple.compilers.llvm.clang.1_0;
				GENERATE_PKGINFO_FILE = YES;
				HEADER_SEARCH_PATHS = (
					"/Users/pos17/Downloads/JUCE/modules/juce_audio_processors/format_types/VST3_SDK",
					"$(SRCROOT)/../../JuceLibraryCode",
					"/Users/pos17/Downloads/JUCE/modules",
					"/Users/pos17/Downloads/JUCE/modules/juce_audio_plugin_client",
					"$(inherited)",
				);
				INFOPLIST_FILE = Info-AU.plist;
				INFOPLIST_PREPROCESS = NO;
				INSTALL_PATH = "$(HOME)/Library/Audio/Plug-Ins/Components/";
				LIBRARY_STYLE = Bundle;
				LLVM_LTO = YES;
				MACOSX_DEPLOYMENT_TARGET = 10.11;
				MTL_HEADER_SEARCH_PATHS = "/Users/pos17/Downloads/JUCE/modules/juce_audio_processors/format_types/VST3_SDK $(SRCROOT)/../../JuceLibraryCode /Users/pos17/Downloads/JUCE/modules /Users/pos17/Downloads/JUCE/modules/juce_audio_plugin_client";
				OTHER_LDFLAGS = "-bundle -lADHD";
				OTHER_REZFLAGS = "-d ppc_$ppc -d i386_$i386 -d ppc64_$ppc64 -d x86_64_$x86_64 -d arm64_$arm64 -I /System/Library/Frameworks/CoreServices.framework/Frameworks/CarbonCore.framework/Versions/A/Headers -I \"$(DEVELOPER_DIR)/Extras/CoreAudio/AudioUnits/AUPublic/AUBase\" -I \"$(DEVELOPER_DIR)/Platforms/MacOSX.platform/Developer/SDKs/MacOSX.sdk/System/Library/Frameworks/AudioUnit.framework/Headers\"";
				PRODUCT_BUNDLE_IDENTIFIER = com.yourcompany.ADHD;
				PRODUCT_NAME = "ADHD";
				USE_HEADERMAP = NO;
				VALID_ARCHS = "i386 x86_64 arm64 arm64e";
				WRAPPER_EXTENSION = component;
			};
			name = Release;
		};
		BEB5E151F09BAB592FF649AA /* Debug */ = {
			isa = XCBuildConfiguration;
			buildSettings = {
				ALWAYS_SEARCH_USER_PATHS = NO;
				CLANG_ENABLE_OBJC_WEAK = YES;
				CLANG_WARN_BLOCK_CAPTURE_AUTORELEASING = YES;
				CLANG_WARN_BOOL_CONVERSION = YES;
				CLANG_WARN_COMMA = YES;
				CLANG_WARN_CONSTANT_CONVERSION = YES;
				CLANG_WARN_DEPRECATED_OBJC_IMPLEMENTATIONS = YES;
				CLANG_WARN_EMPTY_BODY = YES;
				CLANG_WARN_ENUM_CONVERSION = YES;
				CLANG_WARN_INFINITE_RECURSION = YES;
				CLANG_WARN_INT_CONVERSION = YES;
				CLANG_WARN_NON_LITERAL_NULL_CONVERSION = YES;
				CLANG_WARN_OBJC_IMPLICIT_RETAIN_SELF = YES;
				CLANG_WARN_OBJC_LITERAL_CONVERSION = YES;
				CLANG_WARN_RANGE_LOOP_ANALYSIS = YES;
				CLANG_WARN_STRICT_PROTOTYPES = YES;
				CLANG_WARN_SUSPICIOUS_MOVE = YES;
				CLANG_WARN_UNREACHABLE_CODE = YES;
				CLANG_WARN__DUPLICATE_METHOD_MATCH = YES;
				CODE_SIGN_IDENTITY = "";
				DEBUG_INFORMATION_FORMAT = dwarf;
				ENABLE_STRICT_OBJC_MSGSEND = YES;
				ENABLE_TESTABILITY = NO;
				GCC_C_LANGUAGE_STANDARD = c11;
				GCC_INLINES_ARE_PRIVATE_EXTERN = YES;
				GCC_MODEL_TUNING = G5;
				GCC_NO_COMMON_BLOCKS = YES;
				GCC_SYMBOLS_PRIVATE_EXTERN = YES;
				GCC_WARN_64_TO_32_BIT_CONVERSION = YES;
				GCC_WARN_ABOUT_RETURN_TYPE = YES;
				GCC_WARN_CHECK_SWITCH_STATEMENTS = YES;
				GCC_WARN_MISSING_PARENTHESES = YES;
				GCC_WARN_NON_VIRTUAL_DESTRUCTOR = YES;
				GCC_WARN_TYPECHECK_CALLS_TO_PRINTF = YES;
				GCC_WARN_UNDECLARED_SELECTOR = YES;
				GCC_WARN_UNINITIALIZED_AUTOS = YES;
				GCC_WARN_UNUSED_FUNCTION = YES;
				GCC_WARN_UNUSED_VARIABLE = YES;
				ONLY_ACTIVE_ARCH = YES;
				PRODUCT_NAME = "ADHD";
				SDKROOT = macosx;
				WARNING_CFLAGS = "-Wreorder";
				ZERO_LINK = NO;
			};
			name = Debug;
		};
		BF7C026EEDF2B3F18093FFD6 /* Release */ = {
			isa = XCBuildConfiguration;
			buildSettings = {
				ALWAYS_SEARCH_USER_PATHS = NO;
				CLANG_ENABLE_OBJC_WEAK = YES;
				CLANG_WARN_BLOCK_CAPTURE_AUTORELEASING = YES;
				CLANG_WARN_BOOL_CONVERSION = YES;
				CLANG_WARN_COMMA = YES;
				CLANG_WARN_CONSTANT_CONVERSION = YES;
				CLANG_WARN_DEPRECATED_OBJC_IMPLEMENTATIONS = YES;
				CLANG_WARN_EMPTY_BODY = YES;
				CLANG_WARN_ENUM_CONVERSION = YES;
				CLANG_WARN_INFINITE_RECURSION = YES;
				CLANG_WARN_INT_CONVERSION = YES;
				CLANG_WARN_NON_LITERAL_NULL_CONVERSION = YES;
				CLANG_WARN_OBJC_IMPLICIT_RETAIN_SELF = YES;
				CLANG_WARN_OBJC_LITERAL_CONVERSION = YES;
				CLANG_WARN_RANGE_LOOP_ANALYSIS = YES;
				CLANG_WARN_STRICT_PROTOTYPES = YES;
				CLANG_WARN_SUSPICIOUS_MOVE = YES;
				CLANG_WARN_UNREACHABLE_CODE = YES;
				CLANG_WARN__DUPLICATE_METHOD_MATCH = YES;
				CODE_SIGN_IDENTITY = "";
				DEBUG_INFORMATION_FORMAT = dwarf;
				ENABLE_STRICT_OBJC_MSGSEND = YES;
				ENABLE_TESTABILITY = NO;
				GCC_C_LANGUAGE_STANDARD = c11;
				GCC_INLINES_ARE_PRIVATE_EXTERN = YES;
				GCC_MODEL_TUNING = G5;
				GCC_NO_COMMON_BLOCKS = YES;
				GCC_SYMBOLS_PRIVATE_EXTERN = YES;
				GCC_WARN_64_TO_32_BIT_CONVERSION = YES;
				GCC_WARN_ABOUT_RETURN_TYPE = YES;
				GCC_WARN_CHECK_SWITCH_STATEMENTS = YES;
				GCC_WARN_MISSING_PARENTHESES = YES;
				GCC_WARN_NON_VIRTUAL_DESTRUCTOR = YES;
				GCC_WARN_TYPECHECK_CALLS_TO_PRINTF = YES;
				GCC_WARN_UNDECLARED_SELECTOR = YES;
				GCC_WARN_UNINITIALIZED_AUTOS = YES;
				GCC_WARN_UNUSED_FUNCTION = YES;
				GCC_WARN_UNUSED_VARIABLE = YES;
				PRODUCT_NAME = "ADHD";
				SDKROOT = macosx;
				WARNING_CFLAGS = "-Wreorder";
				ZERO_LINK = NO;
			};
			name = Release;
		};
		CCFE866A639365D4C3BC6437 /* Release */ = {
			isa = XCBuildConfiguration;
			buildSettings = {
				MACOSX_DEPLOYMENT_TARGET = 10.11;
				SDKROOT = macosx;
			};
			name = Release;
		};
		E3F64B02CE0061A2336AD19E /* Release */ = {
			isa = XCBuildConfiguration;
			buildSettings = {
				CLANG_CXX_LANGUAGE_STANDARD = "c++14";
				CLANG_CXX_LIBRARY = "libc++";
				CLANG_LINK_OBJC_RUNTIME = NO;
				CODE_SIGN_IDENTITY = "";
				COMBINE_HIDPI_IMAGES = YES;
				CONFIGURATION_BUILD_DIR = "$(PROJECT_DIR)/build/$(CONFIGURATION)";
				DEAD_CODE_STRIPPING = YES;
				EXCLUDED_ARCHS = "";
				GCC_GENERATE_DEBUGGING_SYMBOLS = NO;
				GCC_OPTIMIZATION_LEVEL = 3;
				GCC_PREPROCESSOR_DEFINITIONS = (
					"_NDEBUG=1",
					"NDEBUG=1",
					"JUCE_DISPLAY_SPLASH_SCREEN=1",
					"JUCE_USE_DARK_SPLASH_SCREEN=1",
					"JUCE_PROJUCER_VERSION=0x60106",
					"JUCE_MODULE_AVAILABLE_juce_audio_basics=1",
					"JUCE_MODULE_AVAILABLE_juce_audio_devices=1",
					"JUCE_MODULE_AVAILABLE_juce_audio_formats=1",
					"JUCE_MODULE_AVAILABLE_juce_audio_plugin_client=1",
					"JUCE_MODULE_AVAILABLE_juce_audio_processors=1",
					"JUCE_MODULE_AVAILABLE_juce_audio_utils=1",
					"JUCE_MODULE_AVAILABLE_juce_core=1",
					"JUCE_MODULE_AVAILABLE_juce_data_structures=1",
					"JUCE_MODULE_AVAILABLE_juce_dsp=1",
					"JUCE_MODULE_AVAILABLE_juce_events=1",
					"JUCE_MODULE_AVAILABLE_juce_graphics=1",
					"JUCE_MODULE_AVAILABLE_juce_gui_basics=1",
					"JUCE_MODULE_AVAILABLE_juce_gui_extra=1",
					"JUCE_GLOBAL_MODULE_SETTINGS_INCLUDED=1",
					"JUCE_VST3_CAN_REPLACE_VST2=0",
					"JUCE_STRICT_REFCOUNTEDPOINTER=1",
					"JucePlugin_Build_VST=0",
					"JucePlugin_Build_VST3=1",
					"JucePlugin_Build_AU=1",
					"JucePlugin_Build_AUv3=0",
					"JucePlugin_Build_RTAS=0",
					"JucePlugin_Build_AAX=0",
					"JucePlugin_Build_Standalone=1",
					"JucePlugin_Build_Unity=0",
					"JucePlugin_Enable_IAA=0",
					"JucePlugin_Name=\\\"ADHD\\\"",
					"JucePlugin_Desc=\\\"ADHD\\\"",
					"JucePlugin_Manufacturer=\\\"yourcompany\\\"",
					"JucePlugin_ManufacturerWebsite=\\\"\\\"",
					"JucePlugin_ManufacturerEmail=\\\"\\\"",
					"JucePlugin_ManufacturerCode=0x4d616e75",
					"JucePlugin_PluginCode=0x49306476",
					"JucePlugin_IsSynth=0",
					"JucePlugin_WantsMidiInput=0",
					"JucePlugin_ProducesMidiOutput=0",
					"JucePlugin_IsMidiEffect=0",
					"JucePlugin_EditorRequiresKeyboardFocus=0",
					"JucePlugin_Version=1.0.0",
					"JucePlugin_VersionCode=0x10000",
					"JucePlugin_VersionString=\\\"1.0.0\\\"",
					"JucePlugin_VSTUniqueID=JucePlugin_PluginCode",
					"JucePlugin_VSTCategory=kPlugCategEffect",
					"JucePlugin_Vst3Category=\\\"Fx\\\"",
					"JucePlugin_AUMainType=\\'aufx\\'",
					"JucePlugin_AUSubType=JucePlugin_PluginCode",
					"JucePlugin_AUExportPrefix=ADHDAU",
					"JucePlugin_AUExportPrefixQuoted=\\\"ADHDAU\\\"",
					"JucePlugin_AUManufacturerCode=JucePlugin_ManufacturerCode",
					"JucePlugin_CFBundleIdentifier=com.yourcompany.ADHD",
					"JucePlugin_RTASCategory=0",
					"JucePlugin_RTASManufacturerCode=JucePlugin_ManufacturerCode",
					"JucePlugin_RTASProductId=JucePlugin_PluginCode",
					"JucePlugin_RTASDisableBypass=0",
					"JucePlugin_RTASDisableMultiMono=0",
					"JucePlugin_AAXIdentifier=com.yourcompany.ADHD",
					"JucePlugin_AAXManufacturerCode=JucePlugin_ManufacturerCode",
					"JucePlugin_AAXProductId=JucePlugin_PluginCode",
					"JucePlugin_AAXCategory=0",
					"JucePlugin_AAXDisableBypass=0",
					"JucePlugin_AAXDisableMultiMono=0",
					"JucePlugin_IAAType=0x61757278",
					"JucePlugin_IAASubType=JucePlugin_PluginCode",
					"JucePlugin_IAAName=\\\"yourcompany:\\ ADHD\\\"",
					"JucePlugin_VSTNumMidiInputs=16",
					"JucePlugin_VSTNumMidiOutputs=16",
					"JUCE_STANDALONE_APPLICATION=JucePlugin_Build_Standalone",
					"JUCER_XCODE_MAC_F6D2F4CF=1",
					"JUCE_APP_VERSION=1.0.0",
					"JUCE_APP_VERSION_HEX=0x10000",
					"JUCE_SHARED_CODE=1",
				);
				GCC_VERSION = com.apple.compilers.llvm.clang.1_0;
				HEADER_SEARCH_PATHS = (
					"/Users/pos17/Downloads/JUCE/modules/juce_audio_processors/format_types/VST3_SDK",
					"$(SRCROOT)/../../JuceLibraryCode",
					"/Users/pos17/Downloads/JUCE/modules",
					"/Users/pos17/Downloads/JUCE/modules/juce_audio_plugin_client",
					"$(inherited)",
				);
				INSTALL_PATH = "@executable_path/../Frameworks";
				LLVM_LTO = YES;
				MACOSX_DEPLOYMENT_TARGET = 10.11;
				MTL_HEADER_SEARCH_PATHS = "/Users/pos17/Downloads/JUCE/modules/juce_audio_processors/format_types/VST3_SDK $(SRCROOT)/../../JuceLibraryCode /Users/pos17/Downloads/JUCE/modules /Users/pos17/Downloads/JUCE/modules/juce_audio_plugin_client";
				PRODUCT_BUNDLE_IDENTIFIER = com.yourcompany.ADHD;
				PRODUCT_NAME = "ADHD";
				SKIP_INSTALL = YES;
				USE_HEADERMAP = NO;
				VALID_ARCHS = "i386 x86_64 arm64 arm64e";
			};
			name = Release;
		};
		E73A2F30C6AEF1C6B667A086 /* Release */ = {
			isa = XCBuildConfiguration;
			buildSettings = {
				CLANG_CXX_LANGUAGE_STANDARD = "c++14";
				CLANG_CXX_LIBRARY = "libc++";
				CLANG_LINK_OBJC_RUNTIME = NO;
				CODE_SIGN_IDENTITY = "";
				COMBINE_HIDPI_IMAGES = YES;
				CONFIGURATION_BUILD_DIR = "$(PROJECT_DIR)/build/$(CONFIGURATION)";
				DEAD_CODE_STRIPPING = YES;
				EXCLUDED_ARCHS = "";
				GCC_GENERATE_DEBUGGING_SYMBOLS = NO;
				GCC_OPTIMIZATION_LEVEL = 3;
				GCC_PREPROCESSOR_DEFINITIONS = (
					"_NDEBUG=1",
					"NDEBUG=1",
					"JUCE_DISPLAY_SPLASH_SCREEN=1",
					"JUCE_USE_DARK_SPLASH_SCREEN=1",
					"JUCE_PROJUCER_VERSION=0x60106",
					"JUCE_MODULE_AVAILABLE_juce_audio_basics=1",
					"JUCE_MODULE_AVAILABLE_juce_audio_devices=1",
					"JUCE_MODULE_AVAILABLE_juce_audio_formats=1",
					"JUCE_MODULE_AVAILABLE_juce_audio_plugin_client=1",
					"JUCE_MODULE_AVAILABLE_juce_audio_processors=1",
					"JUCE_MODULE_AVAILABLE_juce_audio_utils=1",
					"JUCE_MODULE_AVAILABLE_juce_core=1",
					"JUCE_MODULE_AVAILABLE_juce_data_structures=1",
					"JUCE_MODULE_AVAILABLE_juce_dsp=1",
					"JUCE_MODULE_AVAILABLE_juce_events=1",
					"JUCE_MODULE_AVAILABLE_juce_graphics=1",
					"JUCE_MODULE_AVAILABLE_juce_gui_basics=1",
					"JUCE_MODULE_AVAILABLE_juce_gui_extra=1",
					"JUCE_GLOBAL_MODULE_SETTINGS_INCLUDED=1",
					"JUCE_VST3_CAN_REPLACE_VST2=0",
					"JUCE_STRICT_REFCOUNTEDPOINTER=1",
					"JucePlugin_Build_VST=0",
					"JucePlugin_Build_VST3=0",
					"JucePlugin_Build_AU=0",
					"JucePlugin_Build_AUv3=0",
					"JucePlugin_Build_RTAS=0",
					"JucePlugin_Build_AAX=0",
					"JucePlugin_Build_Standalone=1",
					"JucePlugin_Build_Unity=0",
					"JucePlugin_Enable_IAA=0",
					"JucePlugin_Name=\\\"ADHD\\\"",
					"JucePlugin_Desc=\\\"ADHD\\\"",
					"JucePlugin_Manufacturer=\\\"yourcompany\\\"",
					"JucePlugin_ManufacturerWebsite=\\\"\\\"",
					"JucePlugin_ManufacturerEmail=\\\"\\\"",
					"JucePlugin_ManufacturerCode=0x4d616e75",
					"JucePlugin_PluginCode=0x49306476",
					"JucePlugin_IsSynth=0",
					"JucePlugin_WantsMidiInput=0",
					"JucePlugin_ProducesMidiOutput=0",
					"JucePlugin_IsMidiEffect=0",
					"JucePlugin_EditorRequiresKeyboardFocus=0",
					"JucePlugin_Version=1.0.0",
					"JucePlugin_VersionCode=0x10000",
					"JucePlugin_VersionString=\\\"1.0.0\\\"",
					"JucePlugin_VSTUniqueID=JucePlugin_PluginCode",
					"JucePlugin_VSTCategory=kPlugCategEffect",
					"JucePlugin_Vst3Category=\\\"Fx\\\"",
					"JucePlugin_AUMainType=\\'aufx\\'",
					"JucePlugin_AUSubType=JucePlugin_PluginCode",
					"JucePlugin_AUExportPrefix=ADHDAU",
					"JucePlugin_AUExportPrefixQuoted=\\\"ADHDAU\\\"",
					"JucePlugin_AUManufacturerCode=JucePlugin_ManufacturerCode",
					"JucePlugin_CFBundleIdentifier=com.yourcompany.ADHD",
					"JucePlugin_RTASCategory=0",
					"JucePlugin_RTASManufacturerCode=JucePlugin_ManufacturerCode",
					"JucePlugin_RTASProductId=JucePlugin_PluginCode",
					"JucePlugin_RTASDisableBypass=0",
					"JucePlugin_RTASDisableMultiMono=0",
					"JucePlugin_AAXIdentifier=com.yourcompany.ADHD",
					"JucePlugin_AAXManufacturerCode=JucePlugin_ManufacturerCode",
					"JucePlugin_AAXProductId=JucePlugin_PluginCode",
					"JucePlugin_AAXCategory=0",
					"JucePlugin_AAXDisableBypass=0",
					"JucePlugin_AAXDisableMultiMono=0",
					"JucePlugin_IAAType=0x61757278",
					"JucePlugin_IAASubType=JucePlugin_PluginCode",
					"JucePlugin_IAAName=\\\"yourcompany:\\ ADHD\\\"",
					"JucePlugin_VSTNumMidiInputs=16",
					"JucePlugin_VSTNumMidiOutputs=16",
					"JUCE_STANDALONE_APPLICATION=JucePlugin_Build_Standalone",
					"JUCER_XCODE_MAC_F6D2F4CF=1",
					"JUCE_APP_VERSION=1.0.0",
					"JUCE_APP_VERSION_HEX=0x10000",
				);
				GCC_VERSION = com.apple.compilers.llvm.clang.1_0;
				HEADER_SEARCH_PATHS = (
					"/Users/pos17/Downloads/JUCE/modules/juce_audio_processors/format_types/VST3_SDK",
					"$(SRCROOT)/../../JuceLibraryCode",
					"/Users/pos17/Downloads/JUCE/modules",
					"/Users/pos17/Downloads/JUCE/modules/juce_audio_plugin_client",
					"$(inherited)",
				);
				INFOPLIST_FILE = Info-Standalone_Plugin.plist;
				INFOPLIST_PREPROCESS = NO;
				LLVM_LTO = YES;
				MACOSX_DEPLOYMENT_TARGET = 10.11;
				MTL_HEADER_SEARCH_PATHS = "/Users/pos17/Downloads/JUCE/modules/juce_audio_processors/format_types/VST3_SDK $(SRCROOT)/../../JuceLibraryCode /Users/pos17/Downloads/JUCE/modules /Users/pos17/Downloads/JUCE/modules/juce_audio_plugin_client";
				OTHER_LDFLAGS = "-lADHD";
				PRODUCT_BUNDLE_IDENTIFIER = com.yourcompany.ADHD;
				PRODUCT_NAME = "ADHD";
				USE_HEADERMAP = NO;
				VALID_ARCHS = "i386 x86_64 arm64 arm64e";
			};
			name = Release;
		};
/* End XCBuildConfiguration section */

/* Begin XCConfigurationList section */
		1E35D00FA03404081B1A52FD = {
			isa = XCConfigurationList;
			buildConfigurations = (
				794C0F3E3FE5B6CFDE1E52A2,
				E3F64B02CE0061A2336AD19E,
			);
			defaultConfigurationIsVisible = 0;
			defaultConfigurationName = Debug;
		};
		5EC5959D7D537D6820ACA15B = {
			isa = XCConfigurationList;
			buildConfigurations = (
				7066011682CCE868C3D105F9,
				B19D26DA4AFCE161E30B4A07,
			);
			defaultConfigurationIsVisible = 0;
			defaultConfigurationName = Debug;
		};
		82FE522488424E3438F5C531 = {
			isa = XCConfigurationList;
			buildConfigurations = (
				57C06BECAF1C983A1596367A,
				CCFE866A639365D4C3BC6437,
			);
			defaultConfigurationIsVisible = 0;
			defaultConfigurationName = Debug;
		};
		D6E516627D7BE8C03CEF41C8 = {
			isa = XCConfigurationList;
			buildConfigurations = (
				BEB5E151F09BAB592FF649AA,
				BF7C026EEDF2B3F18093FFD6,
			);
			defaultConfigurationIsVisible = 0;
			defaultConfigurationName = Debug;
		};
		F29D6D20CA783DF2876D27BF = {
			isa = XCConfigurationList;
			buildConfigurations = (
				6DCFBD519B98D875F74D700E,
				E73A2F30C6AEF1C6B667A086,
			);
			defaultConfigurationIsVisible = 0;
			defaultConfigurationName = Debug;
		};
		FFC2247F5A46C89DF32E7F24 = {
			isa = XCConfigurationList;
			buildConfigurations = (
				2E1A132DC5CAD26BD68DD9DD,
				BA0ECB541AA20753F3873E13,
			);
			defaultConfigurationIsVisible = 0;
			defaultConfigurationName = Debug;
		};
/* End XCConfigurationList section */
	};
	rootObject = E55DA28817834CE6A5C27CE8 /* Project object */;
}
